// !$*UTF8*$!
{
	archiveVersion = 1;
	classes = {
	};
	objectVersion = 48;
	objects = {

/* Begin PBXBuildFile section */
		5C1F2E902087257A002F9B70 /* TestTableViewCell.m in Sources */ = {isa = PBXBuildFile; fileRef = 5C1F2E8F2087257A002F9B70 /* TestTableViewCell.m */; };
		5C1F2E9420872772002F9B70 /* LTSimpleManagerDemo.m in Sources */ = {isa = PBXBuildFile; fileRef = 5C1F2E9320872772002F9B70 /* LTSimpleManagerDemo.m */; };
		5C1F2E9D20872CDA002F9B70 /* LTSimpleTestOneVC.m in Sources */ = {isa = PBXBuildFile; fileRef = 5C1F2E9C20872CDA002F9B70 /* LTSimpleTestOneVC.m */; };
		5C241E6520871B410022F9CA /* AppDelegate.m in Sources */ = {isa = PBXBuildFile; fileRef = 5C241E6420871B410022F9CA /* AppDelegate.m */; };
		5C241E6820871B410022F9CA /* ViewController.m in Sources */ = {isa = PBXBuildFile; fileRef = 5C241E6720871B410022F9CA /* ViewController.m */; };
		5C241E6B20871B410022F9CA /* Main.storyboard in Resources */ = {isa = PBXBuildFile; fileRef = 5C241E6920871B410022F9CA /* Main.storyboard */; };
		5C241E6D20871B410022F9CA /* Assets.xcassets in Resources */ = {isa = PBXBuildFile; fileRef = 5C241E6C20871B410022F9CA /* Assets.xcassets */; };
		5C241E7020871B410022F9CA /* LaunchScreen.storyboard in Resources */ = {isa = PBXBuildFile; fileRef = 5C241E6E20871B410022F9CA /* LaunchScreen.storyboard */; };
		5C241E7320871B410022F9CA /* main.m in Sources */ = {isa = PBXBuildFile; fileRef = 5C241E7220871B410022F9CA /* main.m */; };
		5C241E7D20871B420022F9CA /* OCExampleTests.m in Sources */ = {isa = PBXBuildFile; fileRef = 5C241E7C20871B420022F9CA /* OCExampleTests.m */; };
		5C241E8820871B420022F9CA /* OCExampleUITests.m in Sources */ = {isa = PBXBuildFile; fileRef = 5C241E8720871B420022F9CA /* OCExampleUITests.m */; };
		5C7C60442088311F005FF7C8 /* LTAdvancedManagerDemo.m in Sources */ = {isa = PBXBuildFile; fileRef = 5C7C60432088311F005FF7C8 /* LTAdvancedManagerDemo.m */; };
		5C7C604720883383005FF7C8 /* LTAdvancedTestViewController.m in Sources */ = {isa = PBXBuildFile; fileRef = 5C7C604620883383005FF7C8 /* LTAdvancedTestViewController.m */; };
		5C7C604D20883641005FF7C8 /* LTHeaderView.m in Sources */ = {isa = PBXBuildFile; fileRef = 5C7C604C20883641005FF7C8 /* LTHeaderView.m */; };
		6ABD2BB020E7BDBF00473B06 /* LTPersonalMainPageTestVC.m in Sources */ = {isa = PBXBuildFile; fileRef = 6ABD2BAE20E7BDBD00473B06 /* LTPersonalMainPageTestVC.m */; };
		6ABD2BB120E7BDBF00473B06 /* LTPersonMainPageDemo.m in Sources */ = {isa = PBXBuildFile; fileRef = 6ABD2BAF20E7BDBD00473B06 /* LTPersonMainPageDemo.m */; };
		6ABD2BB820E7BDC400473B06 /* LTPageViewDemo.m in Sources */ = {isa = PBXBuildFile; fileRef = 6ABD2BB420E7BDC400473B06 /* LTPageViewDemo.m */; };
		6ABD2BB920E7BDC400473B06 /* LTPageViewTestOneVC.m in Sources */ = {isa = PBXBuildFile; fileRef = 6ABD2BB720E7BDC400473B06 /* LTPageViewTestOneVC.m */; };
		6ABD2BBB20E7BDE000473B06 /* test.png in Resources */ = {isa = PBXBuildFile; fileRef = 6ABD2BBA20E7BDE000473B06 /* test.png */; };
		6AFFAA9E2748C5170003CC0B /* LTPageViewMoreDemo.m in Sources */ = {isa = PBXBuildFile; fileRef = 6AFFAA9D2748C5170003CC0B /* LTPageViewMoreDemo.m */; };
		78B8F26710CB23F41972961E /* Pods_OCExample.framework in Frameworks */ = {isa = PBXBuildFile; fileRef = 2C17311F097F65BC65B3D978 /* Pods_OCExample.framework */; };
/* End PBXBuildFile section */

/* Begin PBXContainerItemProxy section */
		5C241E7920871B420022F9CA /* PBXContainerItemProxy */ = {
			isa = PBXContainerItemProxy;
			containerPortal = 5C241E5820871B400022F9CA /* Project object */;
			proxyType = 1;
			remoteGlobalIDString = 5C241E5F20871B400022F9CA;
			remoteInfo = OCExample;
		};
		5C241E8420871B420022F9CA /* PBXContainerItemProxy */ = {
			isa = PBXContainerItemProxy;
			containerPortal = 5C241E5820871B400022F9CA /* Project object */;
			proxyType = 1;
			remoteGlobalIDString = 5C241E5F20871B400022F9CA;
			remoteInfo = OCExample;
		};
/* End PBXContainerItemProxy section */

/* Begin PBXFileReference section */
		07F07610025DA4914E3BF9C2 /* Pods-OCExample.release.xcconfig */ = {isa = PBXFileReference; includeInIndex = 1; lastKnownFileType = text.xcconfig; name = "Pods-OCExample.release.xcconfig"; path = "Pods/Target Support Files/Pods-OCExample/Pods-OCExample.release.xcconfig"; sourceTree = "<group>"; };
		2C17311F097F65BC65B3D978 /* Pods_OCExample.framework */ = {isa = PBXFileReference; explicitFileType = wrapper.framework; includeInIndex = 0; path = Pods_OCExample.framework; sourceTree = BUILT_PRODUCTS_DIR; };
		2F9D6ACF5BDBE2163BF58137 /* Pods-OCExample.debug.xcconfig */ = {isa = PBXFileReference; includeInIndex = 1; lastKnownFileType = text.xcconfig; name = "Pods-OCExample.debug.xcconfig"; path = "Pods/Target Support Files/Pods-OCExample/Pods-OCExample.debug.xcconfig"; sourceTree = "<group>"; };
		4A961C9725B1EF9E3F086215 /* Pods_OCExampleTests.framework */ = {isa = PBXFileReference; explicitFileType = wrapper.framework; includeInIndex = 0; path = Pods_OCExampleTests.framework; sourceTree = BUILT_PRODUCTS_DIR; };
		5330EB42381E9AA8393971D0 /* Pods_OCExampleUITests.framework */ = {isa = PBXFileReference; explicitFileType = wrapper.framework; includeInIndex = 0; path = Pods_OCExampleUITests.framework; sourceTree = BUILT_PRODUCTS_DIR; };
		5C1F2E7620871F0E002F9B70 /* OCExample-Bridging-Header.h */ = {isa = PBXFileReference; lastKnownFileType = sourcecode.c.h; path = "OCExample-Bridging-Header.h"; sourceTree = "<group>"; };
		5C1F2E8E2087257A002F9B70 /* TestTableViewCell.h */ = {isa = PBXFileReference; lastKnownFileType = sourcecode.c.h; path = TestTableViewCell.h; sourceTree = "<group>"; };
		5C1F2E8F2087257A002F9B70 /* TestTableViewCell.m */ = {isa = PBXFileReference; lastKnownFileType = sourcecode.c.objc; path = TestTableViewCell.m; sourceTree = "<group>"; };
		5C1F2E9220872772002F9B70 /* LTSimpleManagerDemo.h */ = {isa = PBXFileReference; lastKnownFileType = sourcecode.c.h; path = LTSimpleManagerDemo.h; sourceTree = "<group>"; };
		5C1F2E9320872772002F9B70 /* LTSimpleManagerDemo.m */ = {isa = PBXFileReference; lastKnownFileType = sourcecode.c.objc; path = LTSimpleManagerDemo.m; sourceTree = "<group>"; };
		5C1F2E9B20872CDA002F9B70 /* LTSimpleTestOneVC.h */ = {isa = PBXFileReference; lastKnownFileType = sourcecode.c.h; path = LTSimpleTestOneVC.h; sourceTree = "<group>"; };
		5C1F2E9C20872CDA002F9B70 /* LTSimpleTestOneVC.m */ = {isa = PBXFileReference; lastKnownFileType = sourcecode.c.objc; path = LTSimpleTestOneVC.m; sourceTree = "<group>"; };
		5C241E6020871B400022F9CA /* OCExample.app */ = {isa = PBXFileReference; explicitFileType = wrapper.application; includeInIndex = 0; path = OCExample.app; sourceTree = BUILT_PRODUCTS_DIR; };
		5C241E6320871B400022F9CA /* AppDelegate.h */ = {isa = PBXFileReference; lastKnownFileType = sourcecode.c.h; path = AppDelegate.h; sourceTree = "<group>"; };
		5C241E6420871B410022F9CA /* AppDelegate.m */ = {isa = PBXFileReference; lastKnownFileType = sourcecode.c.objc; path = AppDelegate.m; sourceTree = "<group>"; };
		5C241E6620871B410022F9CA /* ViewController.h */ = {isa = PBXFileReference; lastKnownFileType = sourcecode.c.h; path = ViewController.h; sourceTree = "<group>"; };
		5C241E6720871B410022F9CA /* ViewController.m */ = {isa = PBXFileReference; lastKnownFileType = sourcecode.c.objc; path = ViewController.m; sourceTree = "<group>"; };
		5C241E6A20871B410022F9CA /* Base */ = {isa = PBXFileReference; lastKnownFileType = file.storyboard; name = Base; path = Base.lproj/Main.storyboard; sourceTree = "<group>"; };
		5C241E6C20871B410022F9CA /* Assets.xcassets */ = {isa = PBXFileReference; lastKnownFileType = folder.assetcatalog; path = Assets.xcassets; sourceTree = "<group>"; };
		5C241E6F20871B410022F9CA /* Base */ = {isa = PBXFileReference; lastKnownFileType = file.storyboard; name = Base; path = Base.lproj/LaunchScreen.storyboard; sourceTree = "<group>"; };
		5C241E7120871B410022F9CA /* Info.plist */ = {isa = PBXFileReference; lastKnownFileType = text.plist.xml; path = Info.plist; sourceTree = "<group>"; };
		5C241E7220871B410022F9CA /* main.m */ = {isa = PBXFileReference; lastKnownFileType = sourcecode.c.objc; path = main.m; sourceTree = "<group>"; };
		5C241E7820871B420022F9CA /* OCExampleTests.xctest */ = {isa = PBXFileReference; explicitFileType = wrapper.cfbundle; includeInIndex = 0; path = OCExampleTests.xctest; sourceTree = BUILT_PRODUCTS_DIR; };
		5C241E7C20871B420022F9CA /* OCExampleTests.m */ = {isa = PBXFileReference; lastKnownFileType = sourcecode.c.objc; path = OCExampleTests.m; sourceTree = "<group>"; };
		5C241E7E20871B420022F9CA /* Info.plist */ = {isa = PBXFileReference; lastKnownFileType = text.plist.xml; path = Info.plist; sourceTree = "<group>"; };
		5C241E8320871B420022F9CA /* OCExampleUITests.xctest */ = {isa = PBXFileReference; explicitFileType = wrapper.cfbundle; includeInIndex = 0; path = OCExampleUITests.xctest; sourceTree = BUILT_PRODUCTS_DIR; };
		5C241E8720871B420022F9CA /* OCExampleUITests.m */ = {isa = PBXFileReference; lastKnownFileType = sourcecode.c.objc; path = OCExampleUITests.m; sourceTree = "<group>"; };
		5C241E8920871B430022F9CA /* Info.plist */ = {isa = PBXFileReference; lastKnownFileType = text.plist.xml; path = Info.plist; sourceTree = "<group>"; };
		5C7C60422088311F005FF7C8 /* LTAdvancedManagerDemo.h */ = {isa = PBXFileReference; lastKnownFileType = sourcecode.c.h; path = LTAdvancedManagerDemo.h; sourceTree = "<group>"; };
		5C7C60432088311F005FF7C8 /* LTAdvancedManagerDemo.m */ = {isa = PBXFileReference; lastKnownFileType = sourcecode.c.objc; path = LTAdvancedManagerDemo.m; sourceTree = "<group>"; };
		5C7C604520883383005FF7C8 /* LTAdvancedTestViewController.h */ = {isa = PBXFileReference; lastKnownFileType = sourcecode.c.h; path = LTAdvancedTestViewController.h; sourceTree = "<group>"; };
		5C7C604620883383005FF7C8 /* LTAdvancedTestViewController.m */ = {isa = PBXFileReference; lastKnownFileType = sourcecode.c.objc; path = LTAdvancedTestViewController.m; sourceTree = "<group>"; };
		5C7C604B20883641005FF7C8 /* LTHeaderView.h */ = {isa = PBXFileReference; lastKnownFileType = sourcecode.c.h; path = LTHeaderView.h; sourceTree = "<group>"; };
		5C7C604C20883641005FF7C8 /* LTHeaderView.m */ = {isa = PBXFileReference; lastKnownFileType = sourcecode.c.objc; path = LTHeaderView.m; sourceTree = "<group>"; };
		6ABD2BAC20E7BDBD00473B06 /* LTPersonalMainPageTestVC.h */ = {isa = PBXFileReference; fileEncoding = 4; lastKnownFileType = sourcecode.c.h; path = LTPersonalMainPageTestVC.h; sourceTree = "<group>"; };
		6ABD2BAD20E7BDBD00473B06 /* LTPersonMainPageDemo.h */ = {isa = PBXFileReference; fileEncoding = 4; lastKnownFileType = sourcecode.c.h; path = LTPersonMainPageDemo.h; sourceTree = "<group>"; };
		6ABD2BAE20E7BDBD00473B06 /* LTPersonalMainPageTestVC.m */ = {isa = PBXFileReference; fileEncoding = 4; lastKnownFileType = sourcecode.c.objc; path = LTPersonalMainPageTestVC.m; sourceTree = "<group>"; };
		6ABD2BAF20E7BDBD00473B06 /* LTPersonMainPageDemo.m */ = {isa = PBXFileReference; fileEncoding = 4; lastKnownFileType = sourcecode.c.objc; path = LTPersonMainPageDemo.m; sourceTree = "<group>"; };
		6ABD2BB420E7BDC400473B06 /* LTPageViewDemo.m */ = {isa = PBXFileReference; fileEncoding = 4; lastKnownFileType = sourcecode.c.objc; path = LTPageViewDemo.m; sourceTree = "<group>"; };
		6ABD2BB520E7BDC400473B06 /* LTPageViewTestOneVC.h */ = {isa = PBXFileReference; fileEncoding = 4; lastKnownFileType = sourcecode.c.h; path = LTPageViewTestOneVC.h; sourceTree = "<group>"; };
		6ABD2BB620E7BDC400473B06 /* LTPageViewDemo.h */ = {isa = PBXFileReference; fileEncoding = 4; lastKnownFileType = sourcecode.c.h; path = LTPageViewDemo.h; sourceTree = "<group>"; };
		6ABD2BB720E7BDC400473B06 /* LTPageViewTestOneVC.m */ = {isa = PBXFileReference; fileEncoding = 4; lastKnownFileType = sourcecode.c.objc; path = LTPageViewTestOneVC.m; sourceTree = "<group>"; };
		6ABD2BBA20E7BDE000473B06 /* test.png */ = {isa = PBXFileReference; lastKnownFileType = image.png; path = test.png; sourceTree = "<group>"; };
		6AFFAA9C2748C5170003CC0B /* LTPageViewMoreDemo.h */ = {isa = PBXFileReference; lastKnownFileType = sourcecode.c.h; path = LTPageViewMoreDemo.h; sourceTree = "<group>"; };
		6AFFAA9D2748C5170003CC0B /* LTPageViewMoreDemo.m */ = {isa = PBXFileReference; lastKnownFileType = sourcecode.c.objc; path = LTPageViewMoreDemo.m; sourceTree = "<group>"; };
/* End PBXFileReference section */

/* Begin PBXFrameworksBuildPhase section */
		5C241E5D20871B400022F9CA /* Frameworks */ = {
			isa = PBXFrameworksBuildPhase;
			buildActionMask = 2147483647;
			files = (
				78B8F26710CB23F41972961E /* Pods_OCExample.framework in Frameworks */,
			);
			runOnlyForDeploymentPostprocessing = 0;
		};
		5C241E7520871B420022F9CA /* Frameworks */ = {
			isa = PBXFrameworksBuildPhase;
			buildActionMask = 2147483647;
			files = (
			);
			runOnlyForDeploymentPostprocessing = 0;
		};
		5C241E8020871B420022F9CA /* Frameworks */ = {
			isa = PBXFrameworksBuildPhase;
			buildActionMask = 2147483647;
			files = (
			);
			runOnlyForDeploymentPostprocessing = 0;
		};
/* End PBXFrameworksBuildPhase section */

/* Begin PBXGroup section */
		27CEC8E213C987D6C345F33E /* Pods */ = {
			isa = PBXGroup;
			children = (
				2F9D6ACF5BDBE2163BF58137 /* Pods-OCExample.debug.xcconfig */,
				07F07610025DA4914E3BF9C2 /* Pods-OCExample.release.xcconfig */,
			);
			name = Pods;
			sourceTree = "<group>";
		};
		5C1F2E9120872728002F9B70 /* LTSimple */ = {
			isa = PBXGroup;
			children = (
				5C1F2E9220872772002F9B70 /* LTSimpleManagerDemo.h */,
				5C1F2E9320872772002F9B70 /* LTSimpleManagerDemo.m */,
				5C1F2E9B20872CDA002F9B70 /* LTSimpleTestOneVC.h */,
				5C1F2E9C20872CDA002F9B70 /* LTSimpleTestOneVC.m */,
			);
			path = LTSimple;
			sourceTree = "<group>";
		};
		5C241E5720871B400022F9CA = {
			isa = PBXGroup;
			children = (
				5C241E6220871B400022F9CA /* OCExample */,
				5C241E7B20871B420022F9CA /* OCExampleTests */,
				5C241E8620871B420022F9CA /* OCExampleUITests */,
				5C241E6120871B400022F9CA /* Products */,
				27CEC8E213C987D6C345F33E /* Pods */,
				5DF023E6C16190ADB1355911 /* Frameworks */,
			);
			sourceTree = "<group>";
		};
		5C241E6120871B400022F9CA /* Products */ = {
			isa = PBXGroup;
			children = (
				5C241E6020871B400022F9CA /* OCExample.app */,
				5C241E7820871B420022F9CA /* OCExampleTests.xctest */,
				5C241E8320871B420022F9CA /* OCExampleUITests.xctest */,
			);
			name = Products;
			sourceTree = "<group>";
		};
		5C241E6220871B400022F9CA /* OCExample */ = {
			isa = PBXGroup;
			children = (
				5C1F2E9120872728002F9B70 /* LTSimple */,
				5C7C6041208830FC005FF7C8 /* LTAdvanced */,
				6ABD2BAA20E7BDBD00473B06 /* LTPersonalMainPage */,
				6ABD2BB220E7BDC400473B06 /* LTPageView */,
				6A1A7B93208B0A17002D3852 /* View */,
				5C241E6320871B400022F9CA /* AppDelegate.h */,
				5C241E6420871B410022F9CA /* AppDelegate.m */,
				5C241E6620871B410022F9CA /* ViewController.h */,
				5C241E6720871B410022F9CA /* ViewController.m */,
				5C241E6920871B410022F9CA /* Main.storyboard */,
				5C241E6C20871B410022F9CA /* Assets.xcassets */,
				5C241E6E20871B410022F9CA /* LaunchScreen.storyboard */,
				5C241E7120871B410022F9CA /* Info.plist */,
				6ABD2BBA20E7BDE000473B06 /* test.png */,
				5C241E7220871B410022F9CA /* main.m */,
				5C1F2E7620871F0E002F9B70 /* OCExample-Bridging-Header.h */,
			);
			path = OCExample;
			sourceTree = "<group>";
		};
		5C241E7B20871B420022F9CA /* OCExampleTests */ = {
			isa = PBXGroup;
			children = (
				5C241E7C20871B420022F9CA /* OCExampleTests.m */,
				5C241E7E20871B420022F9CA /* Info.plist */,
			);
			path = OCExampleTests;
			sourceTree = "<group>";
		};
		5C241E8620871B420022F9CA /* OCExampleUITests */ = {
			isa = PBXGroup;
			children = (
				5C241E8720871B420022F9CA /* OCExampleUITests.m */,
				5C241E8920871B430022F9CA /* Info.plist */,
			);
			path = OCExampleUITests;
			sourceTree = "<group>";
		};
		5C7C6041208830FC005FF7C8 /* LTAdvanced */ = {
			isa = PBXGroup;
			children = (
				5C7C60422088311F005FF7C8 /* LTAdvancedManagerDemo.h */,
				5C7C60432088311F005FF7C8 /* LTAdvancedManagerDemo.m */,
				5C7C604520883383005FF7C8 /* LTAdvancedTestViewController.h */,
				5C7C604620883383005FF7C8 /* LTAdvancedTestViewController.m */,
				5C7C604B20883641005FF7C8 /* LTHeaderView.h */,
				5C7C604C20883641005FF7C8 /* LTHeaderView.m */,
			);
			path = LTAdvanced;
			sourceTree = "<group>";
		};
		5DF023E6C16190ADB1355911 /* Frameworks */ = {
			isa = PBXGroup;
			children = (
				2C17311F097F65BC65B3D978 /* Pods_OCExample.framework */,
				4A961C9725B1EF9E3F086215 /* Pods_OCExampleTests.framework */,
				5330EB42381E9AA8393971D0 /* Pods_OCExampleUITests.framework */,
			);
			name = Frameworks;
			sourceTree = "<group>";
		};
		6A1A7B93208B0A17002D3852 /* View */ = {
			isa = PBXGroup;
			children = (
				5C1F2E8E2087257A002F9B70 /* TestTableViewCell.h */,
				5C1F2E8F2087257A002F9B70 /* TestTableViewCell.m */,
			);
			path = View;
			sourceTree = "<group>";
		};
		6ABD2BAA20E7BDBD00473B06 /* LTPersonalMainPage */ = {
			isa = PBXGroup;
			children = (
				6ABD2BAB20E7BDBD00473B06 /* Controller */,
			);
			path = LTPersonalMainPage;
			sourceTree = "<group>";
		};
		6ABD2BAB20E7BDBD00473B06 /* Controller */ = {
			isa = PBXGroup;
			children = (
				6ABD2BAD20E7BDBD00473B06 /* LTPersonMainPageDemo.h */,
				6ABD2BAF20E7BDBD00473B06 /* LTPersonMainPageDemo.m */,
				6ABD2BAE20E7BDBD00473B06 /* LTPersonalMainPageTestVC.m */,
				6ABD2BAC20E7BDBD00473B06 /* LTPersonalMainPageTestVC.h */,
			);
			path = Controller;
			sourceTree = "<group>";
		};
		6ABD2BB220E7BDC400473B06 /* LTPageView */ = {
			isa = PBXGroup;
			children = (
				6ABD2BB320E7BDC400473B06 /* Controller */,
			);
			path = LTPageView;
			sourceTree = "<group>";
		};
		6ABD2BB320E7BDC400473B06 /* Controller */ = {
			isa = PBXGroup;
			children = (
				6ABD2BB620E7BDC400473B06 /* LTPageViewDemo.h */,
				6ABD2BB420E7BDC400473B06 /* LTPageViewDemo.m */,
				6ABD2BB520E7BDC400473B06 /* LTPageViewTestOneVC.h */,
				6ABD2BB720E7BDC400473B06 /* LTPageViewTestOneVC.m */,
				6AFFAA9C2748C5170003CC0B /* LTPageViewMoreDemo.h */,
				6AFFAA9D2748C5170003CC0B /* LTPageViewMoreDemo.m */,
			);
			path = Controller;
			sourceTree = "<group>";
		};
/* End PBXGroup section */

/* Begin PBXNativeTarget section */
		5C241E5F20871B400022F9CA /* OCExample */ = {
			isa = PBXNativeTarget;
			buildConfigurationList = 5C241E8C20871B430022F9CA /* Build configuration list for PBXNativeTarget "OCExample" */;
			buildPhases = (
				3192ED3FB6729749365FFC76 /* [CP] Check Pods Manifest.lock */,
				5C241E5C20871B400022F9CA /* Sources */,
				5C241E5D20871B400022F9CA /* Frameworks */,
				5C241E5E20871B400022F9CA /* Resources */,
				72065B8E7C7B744B306C10AA /* [CP] Embed Pods Frameworks */,
			);
			buildRules = (
			);
			dependencies = (
			);
			name = OCExample;
			productName = OCExample;
			productReference = 5C241E6020871B400022F9CA /* OCExample.app */;
			productType = "com.apple.product-type.application";
		};
		5C241E7720871B420022F9CA /* OCExampleTests */ = {
			isa = PBXNativeTarget;
			buildConfigurationList = 5C241E8F20871B430022F9CA /* Build configuration list for PBXNativeTarget "OCExampleTests" */;
			buildPhases = (
				5C241E7420871B420022F9CA /* Sources */,
				5C241E7520871B420022F9CA /* Frameworks */,
				5C241E7620871B420022F9CA /* Resources */,
			);
			buildRules = (
			);
			dependencies = (
				5C241E7A20871B420022F9CA /* PBXTargetDependency */,
			);
			name = OCExampleTests;
			productName = OCExampleTests;
			productReference = 5C241E7820871B420022F9CA /* OCExampleTests.xctest */;
			productType = "com.apple.product-type.bundle.unit-test";
		};
		5C241E8220871B420022F9CA /* OCExampleUITests */ = {
			isa = PBXNativeTarget;
			buildConfigurationList = 5C241E9220871B430022F9CA /* Build configuration list for PBXNativeTarget "OCExampleUITests" */;
			buildPhases = (
				5C241E7F20871B420022F9CA /* Sources */,
				5C241E8020871B420022F9CA /* Frameworks */,
				5C241E8120871B420022F9CA /* Resources */,
			);
			buildRules = (
			);
			dependencies = (
				5C241E8520871B420022F9CA /* PBXTargetDependency */,
			);
			name = OCExampleUITests;
			productName = OCExampleUITests;
			productReference = 5C241E8320871B420022F9CA /* OCExampleUITests.xctest */;
			productType = "com.apple.product-type.bundle.ui-testing";
		};
/* End PBXNativeTarget section */

/* Begin PBXProject section */
		5C241E5820871B400022F9CA /* Project object */ = {
			isa = PBXProject;
			attributes = {
				LastUpgradeCheck = 0920;
				ORGANIZATIONNAME = LT;
				TargetAttributes = {
					5C241E5F20871B400022F9CA = {
						CreatedOnToolsVersion = 9.2;
						LastSwiftMigration = 0920;
						ProvisioningStyle = Automatic;
					};
					5C241E7720871B420022F9CA = {
						CreatedOnToolsVersion = 9.2;
						ProvisioningStyle = Automatic;
						TestTargetID = 5C241E5F20871B400022F9CA;
					};
					5C241E8220871B420022F9CA = {
						CreatedOnToolsVersion = 9.2;
						ProvisioningStyle = Automatic;
						TestTargetID = 5C241E5F20871B400022F9CA;
					};
				};
			};
			buildConfigurationList = 5C241E5B20871B400022F9CA /* Build configuration list for PBXProject "OCExample" */;
			compatibilityVersion = "Xcode 8.0";
			developmentRegion = en;
			hasScannedForEncodings = 0;
			knownRegions = (
				en,
				Base,
			);
			mainGroup = 5C241E5720871B400022F9CA;
			productRefGroup = 5C241E6120871B400022F9CA /* Products */;
			projectDirPath = "";
			projectRoot = "";
			targets = (
				5C241E5F20871B400022F9CA /* OCExample */,
				5C241E7720871B420022F9CA /* OCExampleTests */,
				5C241E8220871B420022F9CA /* OCExampleUITests */,
			);
		};
/* End PBXProject section */

/* Begin PBXResourcesBuildPhase section */
		5C241E5E20871B400022F9CA /* Resources */ = {
			isa = PBXResourcesBuildPhase;
			buildActionMask = 2147483647;
			files = (
				5C241E7020871B410022F9CA /* LaunchScreen.storyboard in Resources */,
				5C241E6D20871B410022F9CA /* Assets.xcassets in Resources */,
				5C241E6B20871B410022F9CA /* Main.storyboard in Resources */,
				6ABD2BBB20E7BDE000473B06 /* test.png in Resources */,
			);
			runOnlyForDeploymentPostprocessing = 0;
		};
		5C241E7620871B420022F9CA /* Resources */ = {
			isa = PBXResourcesBuildPhase;
			buildActionMask = 2147483647;
			files = (
			);
			runOnlyForDeploymentPostprocessing = 0;
		};
		5C241E8120871B420022F9CA /* Resources */ = {
			isa = PBXResourcesBuildPhase;
			buildActionMask = 2147483647;
			files = (
			);
			runOnlyForDeploymentPostprocessing = 0;
		};
/* End PBXResourcesBuildPhase section */

/* Begin PBXShellScriptBuildPhase section */
		3192ED3FB6729749365FFC76 /* [CP] Check Pods Manifest.lock */ = {
			isa = PBXShellScriptBuildPhase;
			buildActionMask = 2147483647;
			files = (
			);
			inputPaths = (
				"${PODS_PODFILE_DIR_PATH}/Podfile.lock",
				"${PODS_ROOT}/Manifest.lock",
			);
			name = "[CP] Check Pods Manifest.lock";
			outputPaths = (
				"$(DERIVED_FILE_DIR)/Pods-OCExample-checkManifestLockResult.txt",
			);
			runOnlyForDeploymentPostprocessing = 0;
			shellPath = /bin/sh;
			shellScript = "diff \"${PODS_PODFILE_DIR_PATH}/Podfile.lock\" \"${PODS_ROOT}/Manifest.lock\" > /dev/null\nif [ $? != 0 ] ; then\n    # print error to STDERR\n    echo \"error: The sandbox is not in sync with the Podfile.lock. Run 'pod install' or update your CocoaPods installation.\" >&2\n    exit 1\nfi\n# This output is used by Xcode 'outputs' to avoid re-running this script phase.\necho \"SUCCESS\" > \"${SCRIPT_OUTPUT_FILE_0}\"\n";
			showEnvVarsInLog = 0;
		};
		72065B8E7C7B744B306C10AA /* [CP] Embed Pods Frameworks */ = {
			isa = PBXShellScriptBuildPhase;
			buildActionMask = 2147483647;
			files = (
			);
			inputPaths = (
				"${PODS_ROOT}/Target Support Files/Pods-OCExample/Pods-OCExample-frameworks.sh",
				"${BUILT_PRODUCTS_DIR}/LTScrollView/LTScrollView.framework",
				"${BUILT_PRODUCTS_DIR}/MJRefresh/MJRefresh.framework",
			);
			name = "[CP] Embed Pods Frameworks";
			outputPaths = (
				"${TARGET_BUILD_DIR}/${FRAMEWORKS_FOLDER_PATH}/LTScrollView.framework",
				"${TARGET_BUILD_DIR}/${FRAMEWORKS_FOLDER_PATH}/MJRefresh.framework",
			);
			runOnlyForDeploymentPostprocessing = 0;
			shellPath = /bin/sh;
			shellScript = "\"${PODS_ROOT}/Target Support Files/Pods-OCExample/Pods-OCExample-frameworks.sh\"\n";
			showEnvVarsInLog = 0;
		};
/* End PBXShellScriptBuildPhase section */

/* Begin PBXSourcesBuildPhase section */
		5C241E5C20871B400022F9CA /* Sources */ = {
			isa = PBXSourcesBuildPhase;
			buildActionMask = 2147483647;
			files = (
				5C7C60442088311F005FF7C8 /* LTAdvancedManagerDemo.m in Sources */,
				5C7C604D20883641005FF7C8 /* LTHeaderView.m in Sources */,
				5C1F2E902087257A002F9B70 /* TestTableViewCell.m in Sources */,
				6AFFAA9E2748C5170003CC0B /* LTPageViewMoreDemo.m in Sources */,
				5C1F2E9420872772002F9B70 /* LTSimpleManagerDemo.m in Sources */,
				5C241E6820871B410022F9CA /* ViewController.m in Sources */,
				6ABD2BB920E7BDC400473B06 /* LTPageViewTestOneVC.m in Sources */,
				5C241E7320871B410022F9CA /* main.m in Sources */,
				6ABD2BB020E7BDBF00473B06 /* LTPersonalMainPageTestVC.m in Sources */,
				5C1F2E9D20872CDA002F9B70 /* LTSimpleTestOneVC.m in Sources */,
				6ABD2BB820E7BDC400473B06 /* LTPageViewDemo.m in Sources */,
				5C241E6520871B410022F9CA /* AppDelegate.m in Sources */,
				5C7C604720883383005FF7C8 /* LTAdvancedTestViewController.m in Sources */,
				6ABD2BB120E7BDBF00473B06 /* LTPersonMainPageDemo.m in Sources */,
			);
			runOnlyForDeploymentPostprocessing = 0;
		};
		5C241E7420871B420022F9CA /* Sources */ = {
			isa = PBXSourcesBuildPhase;
			buildActionMask = 2147483647;
			files = (
				5C241E7D20871B420022F9CA /* OCExampleTests.m in Sources */,
			);
			runOnlyForDeploymentPostprocessing = 0;
		};
		5C241E7F20871B420022F9CA /* Sources */ = {
			isa = PBXSourcesBuildPhase;
			buildActionMask = 2147483647;
			files = (
				5C241E8820871B420022F9CA /* OCExampleUITests.m in Sources */,
			);
			runOnlyForDeploymentPostprocessing = 0;
		};
/* End PBXSourcesBuildPhase section */

/* Begin PBXTargetDependency section */
		5C241E7A20871B420022F9CA /* PBXTargetDependency */ = {
			isa = PBXTargetDependency;
			target = 5C241E5F20871B400022F9CA /* OCExample */;
			targetProxy = 5C241E7920871B420022F9CA /* PBXContainerItemProxy */;
		};
		5C241E8520871B420022F9CA /* PBXTargetDependency */ = {
			isa = PBXTargetDependency;
			target = 5C241E5F20871B400022F9CA /* OCExample */;
			targetProxy = 5C241E8420871B420022F9CA /* PBXContainerItemProxy */;
		};
/* End PBXTargetDependency section */

/* Begin PBXVariantGroup section */
		5C241E6920871B410022F9CA /* Main.storyboard */ = {
			isa = PBXVariantGroup;
			children = (
				5C241E6A20871B410022F9CA /* Base */,
			);
			name = Main.storyboard;
			sourceTree = "<group>";
		};
		5C241E6E20871B410022F9CA /* LaunchScreen.storyboard */ = {
			isa = PBXVariantGroup;
			children = (
				5C241E6F20871B410022F9CA /* Base */,
			);
			name = LaunchScreen.storyboard;
			sourceTree = "<group>";
		};
/* End PBXVariantGroup section */

/* Begin XCBuildConfiguration section */
		5C241E8A20871B430022F9CA /* Debug */ = {
			isa = XCBuildConfiguration;
			buildSettings = {
				ALWAYS_SEARCH_USER_PATHS = NO;
				CLANG_ANALYZER_NONNULL = YES;
				CLANG_ANALYZER_NUMBER_OBJECT_CONVERSION = YES_AGGRESSIVE;
				CLANG_CXX_LANGUAGE_STANDARD = "gnu++14";
				CLANG_CXX_LIBRARY = "libc++";
				CLANG_ENABLE_MODULES = YES;
				CLANG_ENABLE_OBJC_ARC = YES;
				CLANG_WARN_BLOCK_CAPTURE_AUTORELEASING = YES;
				CLANG_WARN_BOOL_CONVERSION = YES;
				CLANG_WARN_COMMA = YES;
				CLANG_WARN_CONSTANT_CONVERSION = YES;
				CLANG_WARN_DIRECT_OBJC_ISA_USAGE = YES_ERROR;
				CLANG_WARN_DOCUMENTATION_COMMENTS = YES;
				CLANG_WARN_EMPTY_BODY = YES;
				CLANG_WARN_ENUM_CONVERSION = YES;
				CLANG_WARN_INFINITE_RECURSION = YES;
				CLANG_WARN_INT_CONVERSION = YES;
				CLANG_WARN_NON_LITERAL_NULL_CONVERSION = YES;
				CLANG_WARN_OBJC_LITERAL_CONVERSION = YES;
				CLANG_WARN_OBJC_ROOT_CLASS = YES_ERROR;
				CLANG_WARN_RANGE_LOOP_ANALYSIS = YES;
				CLANG_WARN_STRICT_PROTOTYPES = YES;
				CLANG_WARN_SUSPICIOUS_MOVE = YES;
				CLANG_WARN_UNGUARDED_AVAILABILITY = YES_AGGRESSIVE;
				CLANG_WARN_UNREACHABLE_CODE = YES;
				CLANG_WARN__DUPLICATE_METHOD_MATCH = YES;
				CODE_SIGN_IDENTITY = "iPhone Developer";
				COPY_PHASE_STRIP = NO;
				DEBUG_INFORMATION_FORMAT = dwarf;
				ENABLE_STRICT_OBJC_MSGSEND = YES;
				ENABLE_TESTABILITY = YES;
				GCC_C_LANGUAGE_STANDARD = gnu11;
				GCC_DYNAMIC_NO_PIC = NO;
				GCC_NO_COMMON_BLOCKS = YES;
				GCC_OPTIMIZATION_LEVEL = 0;
				GCC_PREPROCESSOR_DEFINITIONS = (
					"DEBUG=1",
					"$(inherited)",
				);
				GCC_WARN_64_TO_32_BIT_CONVERSION = YES;
				GCC_WARN_ABOUT_RETURN_TYPE = YES_ERROR;
				GCC_WARN_UNDECLARED_SELECTOR = YES;
				GCC_WARN_UNINITIALIZED_AUTOS = YES_AGGRESSIVE;
				GCC_WARN_UNUSED_FUNCTION = YES;
				GCC_WARN_UNUSED_VARIABLE = YES;
				IPHONEOS_DEPLOYMENT_TARGET = 11.2;
				MTL_ENABLE_DEBUG_INFO = YES;
				ONLY_ACTIVE_ARCH = YES;
				SDKROOT = iphoneos;
			};
			name = Debug;
		};
		5C241E8B20871B430022F9CA /* Release */ = {
			isa = XCBuildConfiguration;
			buildSettings = {
				ALWAYS_SEARCH_USER_PATHS = NO;
				CLANG_ANALYZER_NONNULL = YES;
				CLANG_ANALYZER_NUMBER_OBJECT_CONVERSION = YES_AGGRESSIVE;
				CLANG_CXX_LANGUAGE_STANDARD = "gnu++14";
				CLANG_CXX_LIBRARY = "libc++";
				CLANG_ENABLE_MODULES = YES;
				CLANG_ENABLE_OBJC_ARC = YES;
				CLANG_WARN_BLOCK_CAPTURE_AUTORELEASING = YES;
				CLANG_WARN_BOOL_CONVERSION = YES;
				CLANG_WARN_COMMA = YES;
				CLANG_WARN_CONSTANT_CONVERSION = YES;
				CLANG_WARN_DIRECT_OBJC_ISA_USAGE = YES_ERROR;
				CLANG_WARN_DOCUMENTATION_COMMENTS = YES;
				CLANG_WARN_EMPTY_BODY = YES;
				CLANG_WARN_ENUM_CONVERSION = YES;
				CLANG_WARN_INFINITE_RECURSION = YES;
				CLANG_WARN_INT_CONVERSION = YES;
				CLANG_WARN_NON_LITERAL_NULL_CONVERSION = YES;
				CLANG_WARN_OBJC_LITERAL_CONVERSION = YES;
				CLANG_WARN_OBJC_ROOT_CLASS = YES_ERROR;
				CLANG_WARN_RANGE_LOOP_ANALYSIS = YES;
				CLANG_WARN_STRICT_PROTOTYPES = YES;
				CLANG_WARN_SUSPICIOUS_MOVE = YES;
				CLANG_WARN_UNGUARDED_AVAILABILITY = YES_AGGRESSIVE;
				CLANG_WARN_UNREACHABLE_CODE = YES;
				CLANG_WARN__DUPLICATE_METHOD_MATCH = YES;
				CODE_SIGN_IDENTITY = "iPhone Developer";
				COPY_PHASE_STRIP = NO;
				DEBUG_INFORMATION_FORMAT = "dwarf-with-dsym";
				ENABLE_NS_ASSERTIONS = NO;
				ENABLE_STRICT_OBJC_MSGSEND = YES;
				GCC_C_LANGUAGE_STANDARD = gnu11;
				GCC_NO_COMMON_BLOCKS = YES;
				GCC_WARN_64_TO_32_BIT_CONVERSION = YES;
				GCC_WARN_ABOUT_RETURN_TYPE = YES_ERROR;
				GCC_WARN_UNDECLARED_SELECTOR = YES;
				GCC_WARN_UNINITIALIZED_AUTOS = YES_AGGRESSIVE;
				GCC_WARN_UNUSED_FUNCTION = YES;
				GCC_WARN_UNUSED_VARIABLE = YES;
				IPHONEOS_DEPLOYMENT_TARGET = 11.2;
				MTL_ENABLE_DEBUG_INFO = NO;
				SDKROOT = iphoneos;
				VALIDATE_PRODUCT = YES;
			};
			name = Release;
		};
		5C241E8D20871B430022F9CA /* Debug */ = {
			isa = XCBuildConfiguration;
			baseConfigurationReference = 2F9D6ACF5BDBE2163BF58137 /* Pods-OCExample.debug.xcconfig */;
			buildSettings = {
				ASSETCATALOG_COMPILER_APPICON_NAME = AppIcon;
				CLANG_ENABLE_MODULES = YES;
				CODE_SIGN_STYLE = Automatic;
				DEFINES_MODULE = YES;
				DEVELOPMENT_TEAM = U33J5W5C5M;
				INFOPLIST_FILE = OCExample/Info.plist;
				IPHONEOS_DEPLOYMENT_TARGET = 8.0;
				LD_RUNPATH_SEARCH_PATHS = "$(inherited) @executable_path/Frameworks";
				PRODUCT_BUNDLE_IDENTIFIER = com.LT.OCExample;
				PRODUCT_NAME = "$(TARGET_NAME)";
				SWIFT_OBJC_BRIDGING_HEADER = "OCExample/OCExample-Bridging-Header.h";
				SWIFT_OPTIMIZATION_LEVEL = "-Onone";
				SWIFT_VERSION = 4.0;
				TARGETED_DEVICE_FAMILY = "1,2";
			};
			name = Debug;
		};
		5C241E8E20871B430022F9CA /* Release */ = {
			isa = XCBuildConfiguration;
			baseConfigurationReference = 07F07610025DA4914E3BF9C2 /* Pods-OCExample.release.xcconfig */;
			buildSettings = {
				ASSETCATALOG_COMPILER_APPICON_NAME = AppIcon;
				CLANG_ENABLE_MODULES = YES;
				CODE_SIGN_STYLE = Automatic;
				DEFINES_MODULE = YES;
				DEVELOPMENT_TEAM = U33J5W5C5M;
				INFOPLIST_FILE = OCExample/Info.plist;
				IPHONEOS_DEPLOYMENT_TARGET = 8.0;
				LD_RUNPATH_SEARCH_PATHS = "$(inherited) @executable_path/Frameworks";
				PRODUCT_BUNDLE_IDENTIFIER = com.LT.OCExample;
				PRODUCT_NAME = "$(TARGET_NAME)";
				SWIFT_OBJC_BRIDGING_HEADER = "OCExample/OCExample-Bridging-Header.h";
				SWIFT_VERSION = 4.0;
				TARGETED_DEVICE_FAMILY = "1,2";
			};
			name = Release;
		};
		5C241E9020871B430022F9CA /* Debug */ = {
			isa = XCBuildConfiguration;
			buildSettings = {
				BUNDLE_LOADER = "$(TEST_HOST)";
				CODE_SIGN_STYLE = Automatic;
				DEVELOPMENT_TEAM = U33J5W5C5M;
				INFOPLIST_FILE = OCExampleTests/Info.plist;
				LD_RUNPATH_SEARCH_PATHS = "$(inherited) @executable_path/Frameworks @loader_path/Frameworks";
				PRODUCT_BUNDLE_IDENTIFIER = com.LT.OCExampleTests;
				PRODUCT_NAME = "$(TARGET_NAME)";
				TARGETED_DEVICE_FAMILY = "1,2";
				TEST_HOST = "$(BUILT_PRODUCTS_DIR)/OCExample.app/OCExample";
			};
			name = Debug;
		};
		5C241E9120871B430022F9CA /* Release */ = {
			isa = XCBuildConfiguration;
			buildSettings = {
				BUNDLE_LOADER = "$(TEST_HOST)";
				CODE_SIGN_STYLE = Automatic;
				DEVELOPMENT_TEAM = U33J5W5C5M;
				INFOPLIST_FILE = OCExampleTests/Info.plist;
				LD_RUNPATH_SEARCH_PATHS = "$(inherited) @executable_path/Frameworks @loader_path/Frameworks";
				PRODUCT_BUNDLE_IDENTIFIER = com.LT.OCExampleTests;
				PRODUCT_NAME = "$(TARGET_NAME)";
				TARGETED_DEVICE_FAMILY = "1,2";
				TEST_HOST = "$(BUILT_PRODUCTS_DIR)/OCExample.app/OCExample";
			};
			name = Release;
		};
		5C241E9320871B430022F9CA /* Debug */ = {
			isa = XCBuildConfiguration;
			buildSettings = {
				CODE_SIGN_STYLE = Automatic;
				DEVELOPMENT_TEAM = U33J5W5C5M;
				INFOPLIST_FILE = OCExampleUITests/Info.plist;
				LD_RUNPATH_SEARCH_PATHS = "$(inherited) @executable_path/Frameworks @loader_path/Frameworks";
				PRODUCT_BUNDLE_IDENTIFIER = com.LT.OCExampleUITests;
				PRODUCT_NAME = "$(TARGET_NAME)";
				TARGETED_DEVICE_FAMILY = "1,2";
				TEST_TARGET_NAME = OCExample;
			};
			name = Debug;
		};
		5C241E9420871B430022F9CA /* Release */ = {
			isa = XCBuildConfiguration;
			buildSettings = {
				CODE_SIGN_STYLE = Automatic;
				DEVELOPMENT_TEAM = U33J5W5C5M;
				INFOPLIST_FILE = OCExampleUITests/Info.plist;
				LD_RUNPATH_SEARCH_PATHS = "$(inherited) @executable_path/Frameworks @loader_path/Frameworks";
				PRODUCT_BUNDLE_IDENTIFIER = com.LT.OCExampleUITests;
				PRODUCT_NAME = "$(TARGET_NAME)";
				TARGETED_DEVICE_FAMILY = "1,2";
				TEST_TARGET_NAME = OCExample;
			};
			name = Release;
		};
/* End XCBuildConfiguration section */

/* Begin XCConfigurationList section */
		5C241E5B20871B400022F9CA /* Build configuration list for PBXProject "OCExample" */ = {
			isa = XCConfigurationList;
			buildConfigurations = (
				5C241E8A20871B430022F9CA /* Debug */,
				5C241E8B20871B430022F9CA /* Release */,
			);
			defaultConfigurationIsVisible = 0;
			defaultConfigurationName = Release;
		};
		5C241E8C20871B430022F9CA /* Build configuration list for PBXNativeTarget "OCExample" */ = {
			isa = XCConfigurationList;
			buildConfigurations = (
				5C241E8D20871B430022F9CA /* Debug */,
				5C241E8E20871B430022F9CA /* Release */,
			);
			defaultConfigurationIsVisible = 0;
			defaultConfigurationName = Release;
		};
		5C241E8F20871B430022F9CA /* Build configuration list for PBXNativeTarget "OCExampleTests" */ = {
			isa = XCConfigurationList;
			buildConfigurations = (
				5C241E9020871B430022F9CA /* Debug */,
				5C241E9120871B430022F9CA /* Release */,
			);
			defaultConfigurationIsVisible = 0;
			defaultConfigurationName = Release;
		};
		5C241E9220871B430022F9CA /* Build configuration list for PBXNativeTarget "OCExampleUITests" */ = {
			isa = XCConfigurationList;
			buildConfigurations = (
				5C241E9320871B430022F9CA /* Debug */,
				5C241E9420871B430022F9CA /* Release */,
			);
			defaultConfigurationIsVisible = 0;
			defaultConfigurationName = Release;
		};
/* End XCConfigurationList section */
	};
	rootObject = 5C241E5820871B400022F9CA /* Project object */;
}
