PODS:
  - LTScrollView (0.0.1)
  - MJRefresh (3.1.14.1)

DEPENDENCIES:
  - LTScrollView (from `../`)
  - MJRefresh (~> 3.1.14.1)

EXTERNAL SOURCES:
  LTScrollView:
    :path: ../

SPEC CHECKSUMS:
  LTScrollView: 35b4ad672a4c027817c482a433847cf9a5a32777
  MJRefresh: 238e6a37e2dba12160ee3b79f6d2a2b26abcab42

PODFILE CHECKSUM: 42f07b276ff05385532f70a5283aab8ee8a0ca7e

COCOAPODS: 1.2.0
