PODS:
  - LTScrollView (1.0.0)
  - MJRefresh (3.1.14.1)

DEPENDENCIES:
  - LTScrollView (from `../`)
  - MJRefresh (~> 3.1.14.1)

EXTERNAL SOURCES:
  LTScrollView:
    :path: ../

SPEC CHECKSUMS:
  LTScrollView: d82f704731f1d0d0f9191301006283143c0c0308
  MJRefresh: 238e6a37e2dba12160ee3b79f6d2a2b26abcab42

PODFILE CHECKSUM: 8bb6a5928aa7d0650f0ea5860570026d7f8128cb

COCOAPODS: 1.4.0.beta.1
