PODS:
  - LTScrollView (0.4.2):
    - LTScrollView/LTFollowMove (= 0.4.2)
    - LTScrollView/LTLoopsPlay (= 0.4.2)
  - LTScrollView/LTFollowMove (0.4.2)
  - LTScrollView/LTLoopsPlay (0.4.2)
  - MJRefresh (3.1.14.1)

DEPENDENCIES:
  - LTScrollView (from `../`)
  - MJRefresh (~> 3.1.14.1)

SPEC REPOS:
  https://github.com/CocoaPods/Specs.git:
    - MJRefresh

EXTERNAL SOURCES:
  LTScrollView:
    :path: "../"

SPEC CHECKSUMS:
  LTScrollView: 183057b0c25800d3461284be8e9adb9b50be9994
  MJRefresh: 238e6a37e2dba12160ee3b79f6d2a2b26abcab42

PODFILE CHECKSUM: e70da5df88f76b4291f9d674f580176a546281ea

COCOAPODS: 1.10.0
