PODS:
  - LTScrollView (0.4.0)
  - MJRefresh (3.1.14.1)

DEPENDENCIES:
  - LTScrollView (~> 0.4.0)
  - MJRefresh (~> 3.1.14.1)

SPEC REPOS:
  https://mirrors.tuna.tsinghua.edu.cn/git/CocoaPods/Specs.git:
    - MJRefresh
  trunk:
    - LTScrollView

SPEC CHECKSUMS:
  LTScrollView: 4c2a6c89ec67241d007a2a808cd72b5427adbbf0
  MJRefresh: 238e6a37e2dba12160ee3b79f6d2a2b26abcab42

PODFILE CHECKSUM: 3bdadbcd817b700df6d61c9f20c1cb21f413981d

COCOAPODS: 1.9.3
