PODS:
  - LTScrollView (0.4.3):
    - LTScrollView/LTFollowMove (= 0.4.3)
    - LTScrollView/LTLoopsPlay (= 0.4.3)
  - LTScrollView/LTFollowMove (0.4.3)
  - LTScrollView/LTLoopsPlay (0.4.3)
  - MJRefresh (3.1.14.1)

DEPENDENCIES:
  - LTScrollView (from `../`)
  - MJRefresh (~> 3.1.14.1)

SPEC REPOS:
  https://github.com/CocoaPods/Specs.git:
    - MJRefresh

EXTERNAL SOURCES:
  LTScrollView:
    :path: "../"

SPEC CHECKSUMS:
  LTScrollView: 5d3de4bfe7b5bf591486fa2529d863ccf4cde973
  MJRefresh: 238e6a37e2dba12160ee3b79f6d2a2b26abcab42

PODFILE CHECKSUM: c3444a95e8c2d3a4bb00720b12f23ba1d220f97e

COCOAPODS: 1.11.2
