// !$*UTF8*$!
{
	archiveVersion = 1;
	classes = {
	};
	objectVersion = 46;
	objects = {

/* Begin PBXBuildFile section */
		607FACD61AFB9204008FA782 /* AppDelegate.swift in Sources */ = {isa = PBXBuildFile; fileRef = 607FACD51AFB9204008FA782 /* AppDelegate.swift */; };
		607FACD81AFB9204008FA782 /* ViewController.swift in Sources */ = {isa = PBXBuildFile; fileRef = 607FACD71AFB9204008FA782 /* ViewController.swift */; };
		607FACDB1AFB9204008FA782 /* Main.storyboard in Resources */ = {isa = PBXBuildFile; fileRef = 607FACD91AFB9204008FA782 /* Main.storyboard */; };
		607FACDD1AFB9204008FA782 /* Images.xcassets in Resources */ = {isa = PBXBuildFile; fileRef = 607FACDC1AFB9204008FA782 /* Images.xcassets */; };
		607FACE01AFB9204008FA782 /* LaunchScreen.xib in Resources */ = {isa = PBXBuildFile; fileRef = 607FACDE1AFB9204008FA782 /* LaunchScreen.xib */; };
		607FACEC1AFB9204008FA782 /* Tests.swift in Sources */ = {isa = PBXBuildFile; fileRef = 607FACEB1AFB9204008FA782 /* Tests.swift */; };
		6A19DBE824F0C92E00B7EE0B /* UIView+LTExtension.swift in Sources */ = {isa = PBXBuildFile; fileRef = 6A19DBE724F0C92E00B7EE0B /* UIView+LTExtension.swift */; };
		6A19DBF024F0E30900B7EE0B /* LTPageTitleItemView.swift in Sources */ = {isa = PBXBuildFile; fileRef = 6A19DBEF24F0E30900B7EE0B /* LTPageTitleItemView.swift */; };
		6A19DBF224F0EAC000B7EE0B /* LTPageViewMoreDemo.swift in Sources */ = {isa = PBXBuildFile; fileRef = 6A19DBF124F0EAC000B7EE0B /* LTPageViewMoreDemo.swift */; };
		6A1A7B8B208B072D002D3852 /* LTDispatchQueue.swift in Sources */ = {isa = PBXBuildFile; fileRef = 6A1A7B83208B072D002D3852 /* LTDispatchQueue.swift */; };
		6A1A7B8C208B072D002D3852 /* LTScrollExtension.swift in Sources */ = {isa = PBXBuildFile; fileRef = 6A1A7B84208B072D002D3852 /* LTScrollExtension.swift */; };
		6A1A7B8D208B072D002D3852 /* LTAdvancedManager.swift in Sources */ = {isa = PBXBuildFile; fileRef = 6A1A7B85208B072D002D3852 /* LTAdvancedManager.swift */; };
		6A1A7B8E208B072D002D3852 /* LTTableViewProtocal.swift in Sources */ = {isa = PBXBuildFile; fileRef = 6A1A7B86208B072D002D3852 /* LTTableViewProtocal.swift */; };
		6A1A7B8F208B072D002D3852 /* LTVCExtension.swift in Sources */ = {isa = PBXBuildFile; fileRef = 6A1A7B87208B072D002D3852 /* LTVCExtension.swift */; };
		6A1A7B90208B072D002D3852 /* LTSimpleManager.swift in Sources */ = {isa = PBXBuildFile; fileRef = 6A1A7B88208B072D002D3852 /* LTSimpleManager.swift */; };
		6A1A7B91208B072D002D3852 /* LTTableView.swift in Sources */ = {isa = PBXBuildFile; fileRef = 6A1A7B89208B072D002D3852 /* LTTableView.swift */; };
		6A1A7B92208B072D002D3852 /* LTPageView.swift in Sources */ = {isa = PBXBuildFile; fileRef = 6A1A7B8A208B072D002D3852 /* LTPageView.swift */; };
		6A5ABBB4213C14B800ADBB25 /* LTCollectionFlowLayout.swift in Sources */ = {isa = PBXBuildFile; fileRef = 6A5ABBB3213C14B700ADBB25 /* LTCollectionFlowLayout.swift */; };
		6AB5A9F92078C4D10065D6F7 /* LTSimpleManagerDemo.swift in Sources */ = {isa = PBXBuildFile; fileRef = 6AB5A9EF2078C4D10065D6F7 /* LTSimpleManagerDemo.swift */; };
		6AB5A9FC2078C4D10065D6F7 /* LTSimpleTestOneVC.swift in Sources */ = {isa = PBXBuildFile; fileRef = 6AB5A9F22078C4D10065D6F7 /* LTSimpleTestOneVC.swift */; };
		6AB5A9FE2078C4D10065D6F7 /* LTHeaderView.swift in Sources */ = {isa = PBXBuildFile; fileRef = 6AB5A9F62078C4D10065D6F7 /* LTHeaderView.swift */; };
		6AB5A9FF2078C4D10065D6F7 /* LTAdvancedManagerDemo.swift in Sources */ = {isa = PBXBuildFile; fileRef = 6AB5A9F72078C4D10065D6F7 /* LTAdvancedManagerDemo.swift */; };
		6AB5AA002078C4D10065D6F7 /* LTAdvancedTestOneVC.swift in Sources */ = {isa = PBXBuildFile; fileRef = 6AB5A9F82078C4D10065D6F7 /* LTAdvancedTestOneVC.swift */; };
		6ABD2BA420E679D600473B06 /* LTPageViewDemo.swift in Sources */ = {isa = PBXBuildFile; fileRef = 6ABD2B9E20E679D500473B06 /* LTPageViewDemo.swift */; };
		6ABD2BA520E679D600473B06 /* LTPageViewTestOneVC.swift in Sources */ = {isa = PBXBuildFile; fileRef = 6ABD2B9F20E679D500473B06 /* LTPageViewTestOneVC.swift */; };
		6ABD2BA620E679D600473B06 /* LTPersonalMainPageTestVC.swift in Sources */ = {isa = PBXBuildFile; fileRef = 6ABD2BA220E679D500473B06 /* LTPersonalMainPageTestVC.swift */; };
		6ABD2BA720E679D600473B06 /* LTPersonMainPageDemo.swift in Sources */ = {isa = PBXBuildFile; fileRef = 6ABD2BA320E679D500473B06 /* LTPersonMainPageDemo.swift */; };
		6ABD2BA920E67A3300473B06 /* test.png in Resources */ = {isa = PBXBuildFile; fileRef = 6ABD2BA820E67A3300473B06 /* test.png */; };
		6AF10E8821428ED90007F889 /* LTLayout.swift in Sources */ = {isa = PBXBuildFile; fileRef = 6AF10E8721428ED90007F889 /* LTLayout.swift */; };
		6AF10E8A21428EE30007F889 /* LTPageTitleView.swift in Sources */ = {isa = PBXBuildFile; fileRef = 6AF10E8921428EE20007F889 /* LTPageTitleView.swift */; };
		6AF10E8D21428F540007F889 /* LTCustomTitleView.swift in Sources */ = {isa = PBXBuildFile; fileRef = 6AF10E8C21428F540007F889 /* LTCustomTitleView.swift */; };
		7DB01BDC023018210CF4AAA8 /* Pods_LTScrollView_Tests.framework in Frameworks */ = {isa = PBXBuildFile; fileRef = 6CC587E6DBC111962EA1E447 /* Pods_LTScrollView_Tests.framework */; };
		C1E38C111D3DA84CBF0CFB43 /* Pods_LTScrollView_Example.framework in Frameworks */ = {isa = PBXBuildFile; fileRef = 5C1723AE1BCAADA01BFD6E80 /* Pods_LTScrollView_Example.framework */; };
/* End PBXBuildFile section */

/* Begin PBXContainerItemProxy section */
		607FACE61AFB9204008FA782 /* PBXContainerItemProxy */ = {
			isa = PBXContainerItemProxy;
			containerPortal = 607FACC81AFB9204008FA782 /* Project object */;
			proxyType = 1;
			remoteGlobalIDString = 607FACCF1AFB9204008FA782;
			remoteInfo = LTScrollView;
		};
/* End PBXContainerItemProxy section */

/* Begin PBXFileReference section */
		373B67068EB3461312BC95DA /* README.md */ = {isa = PBXFileReference; includeInIndex = 1; lastKnownFileType = net.daringfireball.markdown; name = README.md; path = ../README.md; sourceTree = "<group>"; };
		3BA5E27AA5C4C723D920D4F6 /* LICENSE */ = {isa = PBXFileReference; includeInIndex = 1; lastKnownFileType = text; name = LICENSE; path = ../LICENSE; sourceTree = "<group>"; };
		4C4C58B55C18F4951A56F8BD /* Pods-LTScrollView_Tests.debug.xcconfig */ = {isa = PBXFileReference; includeInIndex = 1; lastKnownFileType = text.xcconfig; name = "Pods-LTScrollView_Tests.debug.xcconfig"; path = "Pods/Target Support Files/Pods-LTScrollView_Tests/Pods-LTScrollView_Tests.debug.xcconfig"; sourceTree = "<group>"; };
		5590D6C6104CB4044192B0FA /* Pods-LTScrollView_Example.debug.xcconfig */ = {isa = PBXFileReference; includeInIndex = 1; lastKnownFileType = text.xcconfig; name = "Pods-LTScrollView_Example.debug.xcconfig"; path = "Pods/Target Support Files/Pods-LTScrollView_Example/Pods-LTScrollView_Example.debug.xcconfig"; sourceTree = "<group>"; };
		5C1723AE1BCAADA01BFD6E80 /* Pods_LTScrollView_Example.framework */ = {isa = PBXFileReference; explicitFileType = wrapper.framework; includeInIndex = 0; path = Pods_LTScrollView_Example.framework; sourceTree = BUILT_PRODUCTS_DIR; };
		607FACD01AFB9204008FA782 /* LTScrollView_Example.app */ = {isa = PBXFileReference; explicitFileType = wrapper.application; includeInIndex = 0; path = LTScrollView_Example.app; sourceTree = BUILT_PRODUCTS_DIR; };
		607FACD41AFB9204008FA782 /* Info.plist */ = {isa = PBXFileReference; lastKnownFileType = text.plist.xml; path = Info.plist; sourceTree = "<group>"; };
		607FACD51AFB9204008FA782 /* AppDelegate.swift */ = {isa = PBXFileReference; lastKnownFileType = sourcecode.swift; path = AppDelegate.swift; sourceTree = "<group>"; };
		607FACD71AFB9204008FA782 /* ViewController.swift */ = {isa = PBXFileReference; lastKnownFileType = sourcecode.swift; path = ViewController.swift; sourceTree = "<group>"; };
		607FACDA1AFB9204008FA782 /* Base */ = {isa = PBXFileReference; lastKnownFileType = file.storyboard; name = Base; path = Base.lproj/Main.storyboard; sourceTree = "<group>"; };
		607FACDC1AFB9204008FA782 /* Images.xcassets */ = {isa = PBXFileReference; lastKnownFileType = folder.assetcatalog; path = Images.xcassets; sourceTree = "<group>"; };
		607FACDF1AFB9204008FA782 /* Base */ = {isa = PBXFileReference; lastKnownFileType = file.xib; name = Base; path = Base.lproj/LaunchScreen.xib; sourceTree = "<group>"; };
		607FACE51AFB9204008FA782 /* LTScrollView_Tests.xctest */ = {isa = PBXFileReference; explicitFileType = wrapper.cfbundle; includeInIndex = 0; path = LTScrollView_Tests.xctest; sourceTree = BUILT_PRODUCTS_DIR; };
		607FACEA1AFB9204008FA782 /* Info.plist */ = {isa = PBXFileReference; lastKnownFileType = text.plist.xml; path = Info.plist; sourceTree = "<group>"; };
		607FACEB1AFB9204008FA782 /* Tests.swift */ = {isa = PBXFileReference; lastKnownFileType = sourcecode.swift; path = Tests.swift; sourceTree = "<group>"; };
		6A19DBE724F0C92E00B7EE0B /* UIView+LTExtension.swift */ = {isa = PBXFileReference; lastKnownFileType = sourcecode.swift; path = "UIView+LTExtension.swift"; sourceTree = "<group>"; };
		6A19DBEF24F0E30900B7EE0B /* LTPageTitleItemView.swift */ = {isa = PBXFileReference; lastKnownFileType = sourcecode.swift; path = LTPageTitleItemView.swift; sourceTree = "<group>"; };
		6A19DBF124F0EAC000B7EE0B /* LTPageViewMoreDemo.swift */ = {isa = PBXFileReference; lastKnownFileType = sourcecode.swift; path = LTPageViewMoreDemo.swift; sourceTree = "<group>"; };
		6A1A7B83208B072D002D3852 /* LTDispatchQueue.swift */ = {isa = PBXFileReference; fileEncoding = 4; lastKnownFileType = sourcecode.swift; path = LTDispatchQueue.swift; sourceTree = "<group>"; };
		6A1A7B84208B072D002D3852 /* LTScrollExtension.swift */ = {isa = PBXFileReference; fileEncoding = 4; lastKnownFileType = sourcecode.swift; path = LTScrollExtension.swift; sourceTree = "<group>"; };
		6A1A7B85208B072D002D3852 /* LTAdvancedManager.swift */ = {isa = PBXFileReference; fileEncoding = 4; lastKnownFileType = sourcecode.swift; path = LTAdvancedManager.swift; sourceTree = "<group>"; };
		6A1A7B86208B072D002D3852 /* LTTableViewProtocal.swift */ = {isa = PBXFileReference; fileEncoding = 4; lastKnownFileType = sourcecode.swift; path = LTTableViewProtocal.swift; sourceTree = "<group>"; };
		6A1A7B87208B072D002D3852 /* LTVCExtension.swift */ = {isa = PBXFileReference; fileEncoding = 4; lastKnownFileType = sourcecode.swift; path = LTVCExtension.swift; sourceTree = "<group>"; };
		6A1A7B88208B072D002D3852 /* LTSimpleManager.swift */ = {isa = PBXFileReference; fileEncoding = 4; lastKnownFileType = sourcecode.swift; path = LTSimpleManager.swift; sourceTree = "<group>"; };
		6A1A7B89208B072D002D3852 /* LTTableView.swift */ = {isa = PBXFileReference; fileEncoding = 4; lastKnownFileType = sourcecode.swift; path = LTTableView.swift; sourceTree = "<group>"; };
		6A1A7B8A208B072D002D3852 /* LTPageView.swift */ = {isa = PBXFileReference; fileEncoding = 4; lastKnownFileType = sourcecode.swift; path = LTPageView.swift; sourceTree = "<group>"; };
		6A5ABBB3213C14B700ADBB25 /* LTCollectionFlowLayout.swift */ = {isa = PBXFileReference; fileEncoding = 4; lastKnownFileType = sourcecode.swift; path = LTCollectionFlowLayout.swift; sourceTree = "<group>"; };
		6AB5A9EF2078C4D10065D6F7 /* LTSimpleManagerDemo.swift */ = {isa = PBXFileReference; fileEncoding = 4; lastKnownFileType = sourcecode.swift; path = LTSimpleManagerDemo.swift; sourceTree = "<group>"; };
		6AB5A9F22078C4D10065D6F7 /* LTSimpleTestOneVC.swift */ = {isa = PBXFileReference; fileEncoding = 4; lastKnownFileType = sourcecode.swift; path = LTSimpleTestOneVC.swift; sourceTree = "<group>"; };
		6AB5A9F62078C4D10065D6F7 /* LTHeaderView.swift */ = {isa = PBXFileReference; fileEncoding = 4; lastKnownFileType = sourcecode.swift; path = LTHeaderView.swift; sourceTree = "<group>"; };
		6AB5A9F72078C4D10065D6F7 /* LTAdvancedManagerDemo.swift */ = {isa = PBXFileReference; fileEncoding = 4; lastKnownFileType = sourcecode.swift; path = LTAdvancedManagerDemo.swift; sourceTree = "<group>"; };
		6AB5A9F82078C4D10065D6F7 /* LTAdvancedTestOneVC.swift */ = {isa = PBXFileReference; fileEncoding = 4; lastKnownFileType = sourcecode.swift; path = LTAdvancedTestOneVC.swift; sourceTree = "<group>"; };
		6ABD2B9E20E679D500473B06 /* LTPageViewDemo.swift */ = {isa = PBXFileReference; fileEncoding = 4; lastKnownFileType = sourcecode.swift; path = LTPageViewDemo.swift; sourceTree = "<group>"; };
		6ABD2B9F20E679D500473B06 /* LTPageViewTestOneVC.swift */ = {isa = PBXFileReference; fileEncoding = 4; lastKnownFileType = sourcecode.swift; path = LTPageViewTestOneVC.swift; sourceTree = "<group>"; };
		6ABD2BA220E679D500473B06 /* LTPersonalMainPageTestVC.swift */ = {isa = PBXFileReference; fileEncoding = 4; lastKnownFileType = sourcecode.swift; path = LTPersonalMainPageTestVC.swift; sourceTree = "<group>"; };
		6ABD2BA320E679D500473B06 /* LTPersonMainPageDemo.swift */ = {isa = PBXFileReference; fileEncoding = 4; lastKnownFileType = sourcecode.swift; path = LTPersonMainPageDemo.swift; sourceTree = "<group>"; };
		6ABD2BA820E67A3300473B06 /* test.png */ = {isa = PBXFileReference; lastKnownFileType = image.png; path = test.png; sourceTree = "<group>"; };
		6AF10E8721428ED90007F889 /* LTLayout.swift */ = {isa = PBXFileReference; fileEncoding = 4; lastKnownFileType = sourcecode.swift; path = LTLayout.swift; sourceTree = "<group>"; };
		6AF10E8921428EE20007F889 /* LTPageTitleView.swift */ = {isa = PBXFileReference; fileEncoding = 4; lastKnownFileType = sourcecode.swift; path = LTPageTitleView.swift; sourceTree = "<group>"; };
		6AF10E8C21428F540007F889 /* LTCustomTitleView.swift */ = {isa = PBXFileReference; fileEncoding = 4; lastKnownFileType = sourcecode.swift; path = LTCustomTitleView.swift; sourceTree = "<group>"; };
		6CC587E6DBC111962EA1E447 /* Pods_LTScrollView_Tests.framework */ = {isa = PBXFileReference; explicitFileType = wrapper.framework; includeInIndex = 0; path = Pods_LTScrollView_Tests.framework; sourceTree = BUILT_PRODUCTS_DIR; };
		B1030EA3F060C63BBB220374 /* Pods-LTScrollView_Tests.release.xcconfig */ = {isa = PBXFileReference; includeInIndex = 1; lastKnownFileType = text.xcconfig; name = "Pods-LTScrollView_Tests.release.xcconfig"; path = "Pods/Target Support Files/Pods-LTScrollView_Tests/Pods-LTScrollView_Tests.release.xcconfig"; sourceTree = "<group>"; };
		B119E2D80EDE6DCAB9CE1BD8 /* Pods-LTScrollView_Example.release.xcconfig */ = {isa = PBXFileReference; includeInIndex = 1; lastKnownFileType = text.xcconfig; name = "Pods-LTScrollView_Example.release.xcconfig"; path = "Pods/Target Support Files/Pods-LTScrollView_Example/Pods-LTScrollView_Example.release.xcconfig"; sourceTree = "<group>"; };
		EE682E1F9E7043F06751A7F5 /* LTScrollView.podspec */ = {isa = PBXFileReference; includeInIndex = 1; lastKnownFileType = text; name = LTScrollView.podspec; path = ../LTScrollView.podspec; sourceTree = "<group>"; };
/* End PBXFileReference section */

/* Begin PBXFrameworksBuildPhase section */
		607FACCD1AFB9204008FA782 /* Frameworks */ = {
			isa = PBXFrameworksBuildPhase;
			buildActionMask = 2147483647;
			files = (
				C1E38C111D3DA84CBF0CFB43 /* Pods_LTScrollView_Example.framework in Frameworks */,
			);
			runOnlyForDeploymentPostprocessing = 0;
		};
		607FACE21AFB9204008FA782 /* Frameworks */ = {
			isa = PBXFrameworksBuildPhase;
			buildActionMask = 2147483647;
			files = (
				7DB01BDC023018210CF4AAA8 /* Pods_LTScrollView_Tests.framework in Frameworks */,
			);
			runOnlyForDeploymentPostprocessing = 0;
		};
/* End PBXFrameworksBuildPhase section */

/* Begin PBXGroup section */
		607FACC71AFB9204008FA782 = {
			isa = PBXGroup;
			children = (
				607FACF51AFB993E008FA782 /* Podspec Metadata */,
				607FACD21AFB9204008FA782 /* Example for LTScrollView */,
				607FACE81AFB9204008FA782 /* Tests */,
				607FACD11AFB9204008FA782 /* Products */,
				B96E7A0BE598A4CDBCA2F0C2 /* Pods */,
				DEA30E1C3CD7E2A2E9AE90B8 /* Frameworks */,
			);
			sourceTree = "<group>";
		};
		607FACD11AFB9204008FA782 /* Products */ = {
			isa = PBXGroup;
			children = (
				607FACD01AFB9204008FA782 /* LTScrollView_Example.app */,
				607FACE51AFB9204008FA782 /* LTScrollView_Tests.xctest */,
			);
			name = Products;
			sourceTree = "<group>";
		};
		607FACD21AFB9204008FA782 /* Example for LTScrollView */ = {
			isa = PBXGroup;
			children = (
				6A1A7B62208B0364002D3852 /* Lib */,
				6AB5A9ED2078C4D10065D6F7 /* LTSimple */,
				6AB5A9F42078C4D10065D6F7 /* LTAdvanced */,
				6ABD2BA020E679D500473B06 /* LTPersonalMainPage */,
				6ABD2B9C20E679D500473B06 /* LTPageView */,
				6AF10E8B21428F540007F889 /* LTCustomTitleView */,
				607FACD51AFB9204008FA782 /* AppDelegate.swift */,
				607FACD71AFB9204008FA782 /* ViewController.swift */,
				607FACD91AFB9204008FA782 /* Main.storyboard */,
				607FACDC1AFB9204008FA782 /* Images.xcassets */,
				607FACDE1AFB9204008FA782 /* LaunchScreen.xib */,
				607FACD31AFB9204008FA782 /* Supporting Files */,
			);
			name = "Example for LTScrollView";
			path = LTScrollView;
			sourceTree = "<group>";
		};
		607FACD31AFB9204008FA782 /* Supporting Files */ = {
			isa = PBXGroup;
			children = (
				6ABD2BA820E67A3300473B06 /* test.png */,
				607FACD41AFB9204008FA782 /* Info.plist */,
			);
			name = "Supporting Files";
			sourceTree = "<group>";
		};
		607FACE81AFB9204008FA782 /* Tests */ = {
			isa = PBXGroup;
			children = (
				607FACEB1AFB9204008FA782 /* Tests.swift */,
				607FACE91AFB9204008FA782 /* Supporting Files */,
			);
			path = Tests;
			sourceTree = "<group>";
		};
		607FACE91AFB9204008FA782 /* Supporting Files */ = {
			isa = PBXGroup;
			children = (
				607FACEA1AFB9204008FA782 /* Info.plist */,
			);
			name = "Supporting Files";
			sourceTree = "<group>";
		};
		607FACF51AFB993E008FA782 /* Podspec Metadata */ = {
			isa = PBXGroup;
			children = (
				EE682E1F9E7043F06751A7F5 /* LTScrollView.podspec */,
				373B67068EB3461312BC95DA /* README.md */,
				3BA5E27AA5C4C723D920D4F6 /* LICENSE */,
			);
			name = "Podspec Metadata";
			sourceTree = "<group>";
		};
		6A19DBE924F0CE3500B7EE0B /* LTExtension */ = {
			isa = PBXGroup;
			children = (
				6A19DBE724F0C92E00B7EE0B /* UIView+LTExtension.swift */,
				6A1A7B89208B072D002D3852 /* LTTableView.swift */,
				6A1A7B86208B072D002D3852 /* LTTableViewProtocal.swift */,
				6A1A7B87208B072D002D3852 /* LTVCExtension.swift */,
				6A1A7B84208B072D002D3852 /* LTScrollExtension.swift */,
				6A5ABBB3213C14B700ADBB25 /* LTCollectionFlowLayout.swift */,
				6A1A7B83208B072D002D3852 /* LTDispatchQueue.swift */,
			);
			path = LTExtension;
			sourceTree = "<group>";
		};
		6A19DBEA24F0CE6200B7EE0B /* LTPageView */ = {
			isa = PBXGroup;
			children = (
				6A1A7B8A208B072D002D3852 /* LTPageView.swift */,
			);
			path = LTPageView;
			sourceTree = "<group>";
		};
		6A19DBEB24F0CE6C00B7EE0B /* LTTitleView */ = {
			isa = PBXGroup;
			children = (
				6AF10E8921428EE20007F889 /* LTPageTitleView.swift */,
				6A19DBEF24F0E30900B7EE0B /* LTPageTitleItemView.swift */,
			);
			path = LTTitleView;
			sourceTree = "<group>";
		};
		6A19DBEC24F0CEB300B7EE0B /* LTSimpleManager */ = {
			isa = PBXGroup;
			children = (
				6A1A7B88208B072D002D3852 /* LTSimpleManager.swift */,
			);
			path = LTSimpleManager;
			sourceTree = "<group>";
		};
		6A19DBED24F0CEBC00B7EE0B /* LTAdvancedManager */ = {
			isa = PBXGroup;
			children = (
				6A1A7B85208B072D002D3852 /* LTAdvancedManager.swift */,
			);
			path = LTAdvancedManager;
			sourceTree = "<group>";
		};
		6A19DBEE24F0CEC500B7EE0B /* LTLayout */ = {
			isa = PBXGroup;
			children = (
				6AF10E8721428ED90007F889 /* LTLayout.swift */,
			);
			path = LTLayout;
			sourceTree = "<group>";
		};
		6A1A7B62208B0364002D3852 /* Lib */ = {
			isa = PBXGroup;
			children = (
				6A19DBED24F0CEBC00B7EE0B /* LTAdvancedManager */,
				6A19DBEC24F0CEB300B7EE0B /* LTSimpleManager */,
				6A19DBEE24F0CEC500B7EE0B /* LTLayout */,
				6A19DBEB24F0CE6C00B7EE0B /* LTTitleView */,
				6A19DBEA24F0CE6200B7EE0B /* LTPageView */,
				6A19DBE924F0CE3500B7EE0B /* LTExtension */,
			);
			path = Lib;
			sourceTree = "<group>";
		};
		6AB5A9ED2078C4D10065D6F7 /* LTSimple */ = {
			isa = PBXGroup;
			children = (
				6AB5A9EE2078C4D10065D6F7 /* Controller */,
			);
			path = LTSimple;
			sourceTree = "<group>";
		};
		6AB5A9EE2078C4D10065D6F7 /* Controller */ = {
			isa = PBXGroup;
			children = (
				6AB5A9EF2078C4D10065D6F7 /* LTSimpleManagerDemo.swift */,
				6AB5A9F22078C4D10065D6F7 /* LTSimpleTestOneVC.swift */,
			);
			path = Controller;
			sourceTree = "<group>";
		};
		6AB5A9F42078C4D10065D6F7 /* LTAdvanced */ = {
			isa = PBXGroup;
			children = (
				6AB5A9F52078C4D10065D6F7 /* Controller */,
			);
			path = LTAdvanced;
			sourceTree = "<group>";
		};
		6AB5A9F52078C4D10065D6F7 /* Controller */ = {
			isa = PBXGroup;
			children = (
				6AB5A9F62078C4D10065D6F7 /* LTHeaderView.swift */,
				6AB5A9F72078C4D10065D6F7 /* LTAdvancedManagerDemo.swift */,
				6AB5A9F82078C4D10065D6F7 /* LTAdvancedTestOneVC.swift */,
			);
			path = Controller;
			sourceTree = "<group>";
		};
		6ABD2B9C20E679D500473B06 /* LTPageView */ = {
			isa = PBXGroup;
			children = (
				6ABD2B9D20E679D500473B06 /* Controller */,
			);
			path = LTPageView;
			sourceTree = "<group>";
		};
		6ABD2B9D20E679D500473B06 /* Controller */ = {
			isa = PBXGroup;
			children = (
				6ABD2B9E20E679D500473B06 /* LTPageViewDemo.swift */,
				6A19DBF124F0EAC000B7EE0B /* LTPageViewMoreDemo.swift */,
				6ABD2B9F20E679D500473B06 /* LTPageViewTestOneVC.swift */,
			);
			path = Controller;
			sourceTree = "<group>";
		};
		6ABD2BA020E679D500473B06 /* LTPersonalMainPage */ = {
			isa = PBXGroup;
			children = (
				6ABD2BA120E679D500473B06 /* Controller */,
			);
			path = LTPersonalMainPage;
			sourceTree = "<group>";
		};
		6ABD2BA120E679D500473B06 /* Controller */ = {
			isa = PBXGroup;
			children = (
				6ABD2BA320E679D500473B06 /* LTPersonMainPageDemo.swift */,
				6ABD2BA220E679D500473B06 /* LTPersonalMainPageTestVC.swift */,
			);
			path = Controller;
			sourceTree = "<group>";
		};
		6AF10E8B21428F540007F889 /* LTCustomTitleView */ = {
			isa = PBXGroup;
			children = (
				6AF10E8C21428F540007F889 /* LTCustomTitleView.swift */,
			);
			path = LTCustomTitleView;
			sourceTree = "<group>";
		};
		B96E7A0BE598A4CDBCA2F0C2 /* Pods */ = {
			isa = PBXGroup;
			children = (
				5590D6C6104CB4044192B0FA /* Pods-LTScrollView_Example.debug.xcconfig */,
				B119E2D80EDE6DCAB9CE1BD8 /* Pods-LTScrollView_Example.release.xcconfig */,
				4C4C58B55C18F4951A56F8BD /* Pods-LTScrollView_Tests.debug.xcconfig */,
				B1030EA3F060C63BBB220374 /* Pods-LTScrollView_Tests.release.xcconfig */,
			);
			name = Pods;
			sourceTree = "<group>";
		};
		DEA30E1C3CD7E2A2E9AE90B8 /* Frameworks */ = {
			isa = PBXGroup;
			children = (
				5C1723AE1BCAADA01BFD6E80 /* Pods_LTScrollView_Example.framework */,
				6CC587E6DBC111962EA1E447 /* Pods_LTScrollView_Tests.framework */,
			);
			name = Frameworks;
			sourceTree = "<group>";
		};
/* End PBXGroup section */

/* Begin PBXNativeTarget section */
		607FACCF1AFB9204008FA782 /* LTScrollView_Example */ = {
			isa = PBXNativeTarget;
			buildConfigurationList = 607FACEF1AFB9204008FA782 /* Build configuration list for PBXNativeTarget "LTScrollView_Example" */;
			buildPhases = (
				75FB405D299131BE7BB03766 /* [CP] Check Pods Manifest.lock */,
				607FACCC1AFB9204008FA782 /* Sources */,
				607FACCD1AFB9204008FA782 /* Frameworks */,
				607FACCE1AFB9204008FA782 /* Resources */,
				2F9A364E8214023B46E73A63 /* [CP] Embed Pods Frameworks */,
				8E51F95A1D0EC88486DD3DD2 /* [CP] Copy Pods Resources */,
			);
			buildRules = (
			);
			dependencies = (
			);
			name = LTScrollView_Example;
			productName = LTScrollView;
			productReference = 607FACD01AFB9204008FA782 /* LTScrollView_Example.app */;
			productType = "com.apple.product-type.application";
		};
		607FACE41AFB9204008FA782 /* LTScrollView_Tests */ = {
			isa = PBXNativeTarget;
			buildConfigurationList = 607FACF21AFB9204008FA782 /* Build configuration list for PBXNativeTarget "LTScrollView_Tests" */;
			buildPhases = (
				56746E9B49222FFBAEC488FC /* [CP] Check Pods Manifest.lock */,
				607FACE11AFB9204008FA782 /* Sources */,
				607FACE21AFB9204008FA782 /* Frameworks */,
				607FACE31AFB9204008FA782 /* Resources */,
				68DBAEECA14D10373C12BC7E /* [CP] Embed Pods Frameworks */,
				253492816FF48DB9038CB4DA /* [CP] Copy Pods Resources */,
			);
			buildRules = (
			);
			dependencies = (
				607FACE71AFB9204008FA782 /* PBXTargetDependency */,
			);
			name = LTScrollView_Tests;
			productName = Tests;
			productReference = 607FACE51AFB9204008FA782 /* LTScrollView_Tests.xctest */;
			productType = "com.apple.product-type.bundle.unit-test";
		};
/* End PBXNativeTarget section */

/* Begin PBXProject section */
		607FACC81AFB9204008FA782 /* Project object */ = {
			isa = PBXProject;
			attributes = {
				LastSwiftUpdateCheck = 0830;
				LastUpgradeCheck = 0830;
				ORGANIZATIONNAME = CocoaPods;
				TargetAttributes = {
					607FACCF1AFB9204008FA782 = {
						CreatedOnToolsVersion = 6.3.1;
						DevelopmentTeam = U33J5W5C5M;
						LastSwiftMigration = 0900;
					};
					607FACE41AFB9204008FA782 = {
						CreatedOnToolsVersion = 6.3.1;
						DevelopmentTeam = U33J5W5C5M;
						LastSwiftMigration = 0900;
						TestTargetID = 607FACCF1AFB9204008FA782;
					};
				};
			};
			buildConfigurationList = 607FACCB1AFB9204008FA782 /* Build configuration list for PBXProject "LTScrollView" */;
			compatibilityVersion = "Xcode 3.2";
			developmentRegion = English;
			hasScannedForEncodings = 0;
			knownRegions = (
				English,
				en,
				Base,
			);
			mainGroup = 607FACC71AFB9204008FA782;
			productRefGroup = 607FACD11AFB9204008FA782 /* Products */;
			projectDirPath = "";
			projectRoot = "";
			targets = (
				607FACCF1AFB9204008FA782 /* LTScrollView_Example */,
				607FACE41AFB9204008FA782 /* LTScrollView_Tests */,
			);
		};
/* End PBXProject section */

/* Begin PBXResourcesBuildPhase section */
		607FACCE1AFB9204008FA782 /* Resources */ = {
			isa = PBXResourcesBuildPhase;
			buildActionMask = 2147483647;
			files = (
				607FACDB1AFB9204008FA782 /* Main.storyboard in Resources */,
				607FACE01AFB9204008FA782 /* LaunchScreen.xib in Resources */,
				607FACDD1AFB9204008FA782 /* Images.xcassets in Resources */,
				6ABD2BA920E67A3300473B06 /* test.png in Resources */,
			);
			runOnlyForDeploymentPostprocessing = 0;
		};
		607FACE31AFB9204008FA782 /* Resources */ = {
			isa = PBXResourcesBuildPhase;
			buildActionMask = 2147483647;
			files = (
			);
			runOnlyForDeploymentPostprocessing = 0;
		};
/* End PBXResourcesBuildPhase section */

/* Begin PBXShellScriptBuildPhase section */
		253492816FF48DB9038CB4DA /* [CP] Copy Pods Resources */ = {
			isa = PBXShellScriptBuildPhase;
			buildActionMask = 2147483647;
			files = (
			);
			inputPaths = (
			);
			name = "[CP] Copy Pods Resources";
			outputPaths = (
			);
			runOnlyForDeploymentPostprocessing = 0;
			shellPath = /bin/sh;
			shellScript = "\"${SRCROOT}/Pods/Target Support Files/Pods-LTScrollView_Tests/Pods-LTScrollView_Tests-resources.sh\"\n";
			showEnvVarsInLog = 0;
		};
		2F9A364E8214023B46E73A63 /* [CP] Embed Pods Frameworks */ = {
			isa = PBXShellScriptBuildPhase;
			buildActionMask = 2147483647;
			files = (
			);
			inputPaths = (
			);
			name = "[CP] Embed Pods Frameworks";
			outputPaths = (
			);
			runOnlyForDeploymentPostprocessing = 0;
			shellPath = /bin/sh;
			shellScript = "\"${SRCROOT}/Pods/Target Support Files/Pods-LTScrollView_Example/Pods-LTScrollView_Example-frameworks.sh\"\n";
			showEnvVarsInLog = 0;
		};
		56746E9B49222FFBAEC488FC /* [CP] Check Pods Manifest.lock */ = {
			isa = PBXShellScriptBuildPhase;
			buildActionMask = 2147483647;
			files = (
			);
			inputPaths = (
			);
			name = "[CP] Check Pods Manifest.lock";
			outputPaths = (
			);
			runOnlyForDeploymentPostprocessing = 0;
			shellPath = /bin/sh;
			shellScript = "diff \"${PODS_ROOT}/../Podfile.lock\" \"${PODS_ROOT}/Manifest.lock\" > /dev/null\nif [ $? != 0 ] ; then\n    # print error to STDERR\n    echo \"error: The sandbox is not in sync with the Podfile.lock. Run 'pod install' or update your CocoaPods installation.\" >&2\n    exit 1\nfi\n";
			showEnvVarsInLog = 0;
		};
		68DBAEECA14D10373C12BC7E /* [CP] Embed Pods Frameworks */ = {
			isa = PBXShellScriptBuildPhase;
			buildActionMask = 2147483647;
			files = (
			);
			inputPaths = (
			);
			name = "[CP] Embed Pods Frameworks";
			outputPaths = (
			);
			runOnlyForDeploymentPostprocessing = 0;
			shellPath = /bin/sh;
			shellScript = "\"${SRCROOT}/Pods/Target Support Files/Pods-LTScrollView_Tests/Pods-LTScrollView_Tests-frameworks.sh\"\n";
			showEnvVarsInLog = 0;
		};
		75FB405D299131BE7BB03766 /* [CP] Check Pods Manifest.lock */ = {
			isa = PBXShellScriptBuildPhase;
			buildActionMask = 2147483647;
			files = (
			);
			inputPaths = (
			);
			name = "[CP] Check Pods Manifest.lock";
			outputPaths = (
			);
			runOnlyForDeploymentPostprocessing = 0;
			shellPath = /bin/sh;
			shellScript = "diff \"${PODS_ROOT}/../Podfile.lock\" \"${PODS_ROOT}/Manifest.lock\" > /dev/null\nif [ $? != 0 ] ; then\n    # print error to STDERR\n    echo \"error: The sandbox is not in sync with the Podfile.lock. Run 'pod install' or update your CocoaPods installation.\" >&2\n    exit 1\nfi\n";
			showEnvVarsInLog = 0;
		};
		8E51F95A1D0EC88486DD3DD2 /* [CP] Copy Pods Resources */ = {
			isa = PBXShellScriptBuildPhase;
			buildActionMask = 2147483647;
			files = (
			);
			inputPaths = (
			);
			name = "[CP] Copy Pods Resources";
			outputPaths = (
			);
			runOnlyForDeploymentPostprocessing = 0;
			shellPath = /bin/sh;
			shellScript = "\"${SRCROOT}/Pods/Target Support Files/Pods-LTScrollView_Example/Pods-LTScrollView_Example-resources.sh\"\n";
			showEnvVarsInLog = 0;
		};
/* End PBXShellScriptBuildPhase section */

/* Begin PBXSourcesBuildPhase section */
		607FACCC1AFB9204008FA782 /* Sources */ = {
			isa = PBXSourcesBuildPhase;
			buildActionMask = 2147483647;
			files = (
				6A1A7B8D208B072D002D3852 /* LTAdvancedManager.swift in Sources */,
				607FACD81AFB9204008FA782 /* ViewController.swift in Sources */,
				6AF10E8A21428EE30007F889 /* LTPageTitleView.swift in Sources */,
				6ABD2BA620E679D600473B06 /* LTPersonalMainPageTestVC.swift in Sources */,
				6A5ABBB4213C14B800ADBB25 /* LTCollectionFlowLayout.swift in Sources */,
				6AB5AA002078C4D10065D6F7 /* LTAdvancedTestOneVC.swift in Sources */,
				6A1A7B8C208B072D002D3852 /* LTScrollExtension.swift in Sources */,
				6AB5A9FF2078C4D10065D6F7 /* LTAdvancedManagerDemo.swift in Sources */,
				6A1A7B90208B072D002D3852 /* LTSimpleManager.swift in Sources */,
				6ABD2BA720E679D600473B06 /* LTPersonMainPageDemo.swift in Sources */,
				6AB5A9FE2078C4D10065D6F7 /* LTHeaderView.swift in Sources */,
				6A1A7B92208B072D002D3852 /* LTPageView.swift in Sources */,
				6A19DBE824F0C92E00B7EE0B /* UIView+LTExtension.swift in Sources */,
				6AB5A9FC2078C4D10065D6F7 /* LTSimpleTestOneVC.swift in Sources */,
				6A1A7B8E208B072D002D3852 /* LTTableViewProtocal.swift in Sources */,
				6A1A7B8B208B072D002D3852 /* LTDispatchQueue.swift in Sources */,
				6A1A7B91208B072D002D3852 /* LTTableView.swift in Sources */,
				6A19DBF224F0EAC000B7EE0B /* LTPageViewMoreDemo.swift in Sources */,
				6AF10E8D21428F540007F889 /* LTCustomTitleView.swift in Sources */,
				6ABD2BA520E679D600473B06 /* LTPageViewTestOneVC.swift in Sources */,
				6ABD2BA420E679D600473B06 /* LTPageViewDemo.swift in Sources */,
				6AB5A9F92078C4D10065D6F7 /* LTSimpleManagerDemo.swift in Sources */,
				6A19DBF024F0E30900B7EE0B /* LTPageTitleItemView.swift in Sources */,
				6AF10E8821428ED90007F889 /* LTLayout.swift in Sources */,
				6A1A7B8F208B072D002D3852 /* LTVCExtension.swift in Sources */,
				607FACD61AFB9204008FA782 /* AppDelegate.swift in Sources */,
			);
			runOnlyForDeploymentPostprocessing = 0;
		};
		607FACE11AFB9204008FA782 /* Sources */ = {
			isa = PBXSourcesBuildPhase;
			buildActionMask = 2147483647;
			files = (
				607FACEC1AFB9204008FA782 /* Tests.swift in Sources */,
			);
			runOnlyForDeploymentPostprocessing = 0;
		};
/* End PBXSourcesBuildPhase section */

/* Begin PBXTargetDependency section */
		607FACE71AFB9204008FA782 /* PBXTargetDependency */ = {
			isa = PBXTargetDependency;
			target = 607FACCF1AFB9204008FA782 /* LTScrollView_Example */;
			targetProxy = 607FACE61AFB9204008FA782 /* PBXContainerItemProxy */;
		};
/* End PBXTargetDependency section */

/* Begin PBXVariantGroup section */
		607FACD91AFB9204008FA782 /* Main.storyboard */ = {
			isa = PBXVariantGroup;
			children = (
				607FACDA1AFB9204008FA782 /* Base */,
			);
			name = Main.storyboard;
			sourceTree = "<group>";
		};
		607FACDE1AFB9204008FA782 /* LaunchScreen.xib */ = {
			isa = PBXVariantGroup;
			children = (
				607FACDF1AFB9204008FA782 /* Base */,
			);
			name = LaunchScreen.xib;
			sourceTree = "<group>";
		};
/* End PBXVariantGroup section */

/* Begin XCBuildConfiguration section */
		607FACED1AFB9204008FA782 /* Debug */ = {
			isa = XCBuildConfiguration;
			buildSettings = {
				ALWAYS_SEARCH_USER_PATHS = NO;
				CLANG_CXX_LANGUAGE_STANDARD = "gnu++0x";
				CLANG_CXX_LIBRARY = "libc++";
				CLANG_ENABLE_MODULES = YES;
				CLANG_ENABLE_OBJC_ARC = YES;
				CLANG_WARN_BLOCK_CAPTURE_AUTORELEASING = YES;
				CLANG_WARN_BOOL_CONVERSION = YES;
				CLANG_WARN_COMMA = YES;
				CLANG_WARN_CONSTANT_CONVERSION = YES;
				CLANG_WARN_DIRECT_OBJC_ISA_USAGE = YES_ERROR;
				CLANG_WARN_EMPTY_BODY = YES;
				CLANG_WARN_ENUM_CONVERSION = YES;
				CLANG_WARN_INFINITE_RECURSION = YES;
				CLANG_WARN_INT_CONVERSION = YES;
				CLANG_WARN_NON_LITERAL_NULL_CONVERSION = YES;
				CLANG_WARN_OBJC_LITERAL_CONVERSION = YES;
				CLANG_WARN_OBJC_ROOT_CLASS = YES_ERROR;
				CLANG_WARN_RANGE_LOOP_ANALYSIS = YES;
				CLANG_WARN_STRICT_PROTOTYPES = YES;
				CLANG_WARN_SUSPICIOUS_MOVE = YES;
				CLANG_WARN_UNREACHABLE_CODE = YES;
				CLANG_WARN__DUPLICATE_METHOD_MATCH = YES;
				"CODE_SIGN_IDENTITY[sdk=iphoneos*]" = "iPhone Developer";
				COPY_PHASE_STRIP = NO;
				DEBUG_INFORMATION_FORMAT = "dwarf-with-dsym";
				ENABLE_STRICT_OBJC_MSGSEND = YES;
				ENABLE_TESTABILITY = YES;
				GCC_C_LANGUAGE_STANDARD = gnu99;
				GCC_DYNAMIC_NO_PIC = NO;
				GCC_NO_COMMON_BLOCKS = YES;
				GCC_OPTIMIZATION_LEVEL = 0;
				GCC_PREPROCESSOR_DEFINITIONS = (
					"DEBUG=1",
					"$(inherited)",
				);
				GCC_SYMBOLS_PRIVATE_EXTERN = NO;
				GCC_WARN_64_TO_32_BIT_CONVERSION = YES;
				GCC_WARN_ABOUT_RETURN_TYPE = YES_ERROR;
				GCC_WARN_UNDECLARED_SELECTOR = YES;
				GCC_WARN_UNINITIALIZED_AUTOS = YES_AGGRESSIVE;
				GCC_WARN_UNUSED_FUNCTION = YES;
				GCC_WARN_UNUSED_VARIABLE = YES;
				IPHONEOS_DEPLOYMENT_TARGET = 9.3;
				MTL_ENABLE_DEBUG_INFO = YES;
				ONLY_ACTIVE_ARCH = YES;
				SDKROOT = iphoneos;
				SWIFT_OPTIMIZATION_LEVEL = "-Onone";
			};
			name = Debug;
		};
		607FACEE1AFB9204008FA782 /* Release */ = {
			isa = XCBuildConfiguration;
			buildSettings = {
				ALWAYS_SEARCH_USER_PATHS = NO;
				CLANG_CXX_LANGUAGE_STANDARD = "gnu++0x";
				CLANG_CXX_LIBRARY = "libc++";
				CLANG_ENABLE_MODULES = YES;
				CLANG_ENABLE_OBJC_ARC = YES;
				CLANG_WARN_BLOCK_CAPTURE_AUTORELEASING = YES;
				CLANG_WARN_BOOL_CONVERSION = YES;
				CLANG_WARN_COMMA = YES;
				CLANG_WARN_CONSTANT_CONVERSION = YES;
				CLANG_WARN_DIRECT_OBJC_ISA_USAGE = YES_ERROR;
				CLANG_WARN_EMPTY_BODY = YES;
				CLANG_WARN_ENUM_CONVERSION = YES;
				CLANG_WARN_INFINITE_RECURSION = YES;
				CLANG_WARN_INT_CONVERSION = YES;
				CLANG_WARN_NON_LITERAL_NULL_CONVERSION = YES;
				CLANG_WARN_OBJC_LITERAL_CONVERSION = YES;
				CLANG_WARN_OBJC_ROOT_CLASS = YES_ERROR;
				CLANG_WARN_RANGE_LOOP_ANALYSIS = YES;
				CLANG_WARN_STRICT_PROTOTYPES = YES;
				CLANG_WARN_SUSPICIOUS_MOVE = YES;
				CLANG_WARN_UNREACHABLE_CODE = YES;
				CLANG_WARN__DUPLICATE_METHOD_MATCH = YES;
				"CODE_SIGN_IDENTITY[sdk=iphoneos*]" = "iPhone Developer";
				COPY_PHASE_STRIP = NO;
				DEBUG_INFORMATION_FORMAT = "dwarf-with-dsym";
				ENABLE_NS_ASSERTIONS = NO;
				ENABLE_STRICT_OBJC_MSGSEND = YES;
				GCC_C_LANGUAGE_STANDARD = gnu99;
				GCC_NO_COMMON_BLOCKS = YES;
				GCC_WARN_64_TO_32_BIT_CONVERSION = YES;
				GCC_WARN_ABOUT_RETURN_TYPE = YES_ERROR;
				GCC_WARN_UNDECLARED_SELECTOR = YES;
				GCC_WARN_UNINITIALIZED_AUTOS = YES_AGGRESSIVE;
				GCC_WARN_UNUSED_FUNCTION = YES;
				GCC_WARN_UNUSED_VARIABLE = YES;
				IPHONEOS_DEPLOYMENT_TARGET = 9.3;
				MTL_ENABLE_DEBUG_INFO = NO;
				SDKROOT = iphoneos;
				SWIFT_OPTIMIZATION_LEVEL = "-Owholemodule";
				VALIDATE_PRODUCT = YES;
			};
			name = Release;
		};
		607FACF01AFB9204008FA782 /* Debug */ = {
			isa = XCBuildConfiguration;
			baseConfigurationReference = 5590D6C6104CB4044192B0FA /* Pods-LTScrollView_Example.debug.xcconfig */;
			buildSettings = {
				ASSETCATALOG_COMPILER_APPICON_NAME = AppIcon;
				DEVELOPMENT_TEAM = U33J5W5C5M;
				INFOPLIST_FILE = LTScrollView/Info.plist;
				IPHONEOS_DEPLOYMENT_TARGET = 8.0;
				LD_RUNPATH_SEARCH_PATHS = "$(inherited) @executable_path/Frameworks";
				MODULE_NAME = ExampleApp;
				PRODUCT_BUNDLE_IDENTIFIER = "org.cocoapods.demo.$(PRODUCT_NAME:rfc1034identifier)";
				PRODUCT_NAME = "$(TARGET_NAME)";
				SWIFT_SWIFT3_OBJC_INFERENCE = Default;
				SWIFT_VERSION = 5.0;
			};
			name = Debug;
		};
		607FACF11AFB9204008FA782 /* Release */ = {
			isa = XCBuildConfiguration;
			baseConfigurationReference = B119E2D80EDE6DCAB9CE1BD8 /* Pods-LTScrollView_Example.release.xcconfig */;
			buildSettings = {
				ASSETCATALOG_COMPILER_APPICON_NAME = AppIcon;
				DEVELOPMENT_TEAM = U33J5W5C5M;
				INFOPLIST_FILE = LTScrollView/Info.plist;
				IPHONEOS_DEPLOYMENT_TARGET = 8.0;
				LD_RUNPATH_SEARCH_PATHS = "$(inherited) @executable_path/Frameworks";
				MODULE_NAME = ExampleApp;
				PRODUCT_BUNDLE_IDENTIFIER = "org.cocoapods.demo.$(PRODUCT_NAME:rfc1034identifier)";
				PRODUCT_NAME = "$(TARGET_NAME)";
				SWIFT_SWIFT3_OBJC_INFERENCE = Default;
				SWIFT_VERSION = 5.0;
			};
			name = Release;
		};
		607FACF31AFB9204008FA782 /* Debug */ = {
			isa = XCBuildConfiguration;
			baseConfigurationReference = 4C4C58B55C18F4951A56F8BD /* Pods-LTScrollView_Tests.debug.xcconfig */;
			buildSettings = {
				DEVELOPMENT_TEAM = U33J5W5C5M;
				FRAMEWORK_SEARCH_PATHS = (
					"$(SDKROOT)/Developer/Library/Frameworks",
					"$(inherited)",
				);
				GCC_PREPROCESSOR_DEFINITIONS = (
					"DEBUG=1",
					"$(inherited)",
				);
				INFOPLIST_FILE = Tests/Info.plist;
				LD_RUNPATH_SEARCH_PATHS = "$(inherited) @executable_path/Frameworks @loader_path/Frameworks";
				PRODUCT_BUNDLE_IDENTIFIER = "org.cocoapods.$(PRODUCT_NAME:rfc1034identifier)";
				PRODUCT_NAME = "$(TARGET_NAME)";
				SWIFT_SWIFT3_OBJC_INFERENCE = Default;
				SWIFT_VERSION = 4.0;
			};
			name = Debug;
		};
		607FACF41AFB9204008FA782 /* Release */ = {
			isa = XCBuildConfiguration;
			baseConfigurationReference = B1030EA3F060C63BBB220374 /* Pods-LTScrollView_Tests.release.xcconfig */;
			buildSettings = {
				DEVELOPMENT_TEAM = U33J5W5C5M;
				FRAMEWORK_SEARCH_PATHS = (
					"$(SDKROOT)/Developer/Library/Frameworks",
					"$(inherited)",
				);
				INFOPLIST_FILE = Tests/Info.plist;
				LD_RUNPATH_SEARCH_PATHS = "$(inherited) @executable_path/Frameworks @loader_path/Frameworks";
				PRODUCT_BUNDLE_IDENTIFIER = "org.cocoapods.$(PRODUCT_NAME:rfc1034identifier)";
				PRODUCT_NAME = "$(TARGET_NAME)";
				SWIFT_SWIFT3_OBJC_INFERENCE = Default;
				SWIFT_VERSION = 4.0;
			};
			name = Release;
		};
/* End XCBuildConfiguration section */

/* Begin XCConfigurationList section */
		607FACCB1AFB9204008FA782 /* Build configuration list for PBXProject "LTScrollView" */ = {
			isa = XCConfigurationList;
			buildConfigurations = (
				607FACED1AFB9204008FA782 /* Debug */,
				607FACEE1AFB9204008FA782 /* Release */,
			);
			defaultConfigurationIsVisible = 0;
			defaultConfigurationName = Release;
		};
		607FACEF1AFB9204008FA782 /* Build configuration list for PBXNativeTarget "LTScrollView_Example" */ = {
			isa = XCConfigurationList;
			buildConfigurations = (
				607FACF01AFB9204008FA782 /* Debug */,
				607FACF11AFB9204008FA782 /* Release */,
			);
			defaultConfigurationIsVisible = 0;
			defaultConfigurationName = Release;
		};
		607FACF21AFB9204008FA782 /* Build configuration list for PBXNativeTarget "LTScrollView_Tests" */ = {
			isa = XCConfigurationList;
			buildConfigurations = (
				607FACF31AFB9204008FA782 /* Debug */,
				607FACF41AFB9204008FA782 /* Release */,
			);
			defaultConfigurationIsVisible = 0;
			defaultConfigurationName = Release;
		};
/* End XCConfigurationList section */
	};
	rootObject = 607FACC81AFB9204008FA782 /* Project object */;
}
